// !$*UTF8*$!
{
	archiveVersion = 1;
	classes = {
	};
	objectVersion = 46;
	objects = {

/* Begin PBXBuildFile section */
		372FEF651EE4394D006571AD /* AppDelegate.swift in Sources */ = {isa = PBXBuildFile; fileRef = 372FEF641EE4394D006571AD /* AppDelegate.swift */; };
		372FEF671EE4394D006571AD /* ViewController.swift in Sources */ = {isa = PBXBuildFile; fileRef = 372FEF661EE4394D006571AD /* ViewController.swift */; };
		372FEF6A1EE4394D006571AD /* Main.storyboard in Resources */ = {isa = PBXBuildFile; fileRef = 372FEF681EE4394D006571AD /* Main.storyboard */; };
		372FEF6C1EE4394D006571AD /* Assets.xcassets in Resources */ = {isa = PBXBuildFile; fileRef = 372FEF6B1EE4394D006571AD /* Assets.xcassets */; };
		372FEF6F1EE4394D006571AD /* LaunchScreen.storyboard in Resources */ = {isa = PBXBuildFile; fileRef = 372FEF6D1EE4394D006571AD /* LaunchScreen.storyboard */; };
/* End PBXBuildFile section */

/* Begin PBXFileReference section */
		372FEF611EE4394D006571AD /* 本地通知.app */ = {isa = PBXFileReference; explicitFileType = wrapper.application; includeInIndex = 0; path = "本地通知.app"; sourceTree = BUILT_PRODUCTS_DIR; };
		372FEF641EE4394D006571AD /* AppDelegate.swift */ = {isa = PBXFileReference; lastKnownFileType = sourcecode.swift; path = AppDelegate.swift; sourceTree = "<group>"; };
		372FEF661EE4394D006571AD /* ViewController.swift */ = {isa = PBXFileReference; lastKnownFileType = sourcecode.swift; path = ViewController.swift; sourceTree = "<group>"; };
		372FEF691EE4394D006571AD /* Base */ = {isa = PBXFileReference; lastKnownFileType = file.storyboard; name = Base; path = Base.lproj/Main.storyboard; sourceTree = "<group>"; };
		372FEF6B1EE4394D006571AD /* Assets.xcassets */ = {isa = PBXFileReference; lastKnownFileType = folder.assetcatalog; path = Assets.xcassets; sourceTree = "<group>"; };
		372FEF6E1EE4394D006571AD /* Base */ = {isa = PBXFileReference; lastKnownFileType = file.storyboard; name = Base; path = Base.lproj/LaunchScreen.storyboard; sourceTree = "<group>"; };
		372FEF701EE4394D006571AD /* Info.plist */ = {isa = PBXFileReference; lastKnownFileType = text.plist.xml; path = Info.plist; sourceTree = "<group>"; };
/* End PBXFileReference section */

/* Begin PBXFrameworksBuildPhase section */
		372FEF5E1EE4394D006571AD /* Frameworks */ = {
			isa = PBXFrameworksBuildPhase;
			buildActionMask = 2147483647;
			files = (
			);
			runOnlyForDeploymentPostprocessing = 0;
		};
/* End PBXFrameworksBuildPhase section */

/* Begin PBXGroup section */
		372FEF581EE4394D006571AD = {
			isa = PBXGroup;
			children = (
				372FEF631EE4394D006571AD /* 本地通知 */,
				372FEF621EE4394D006571AD /* Products */,
			);
			sourceTree = "<group>";
		};
		372FEF621EE4394D006571AD /* Products */ = {
			isa = PBXGroup;
			children = (
				372FEF611EE4394D006571AD /* 本地通知.app */,
			);
			name = Products;
			sourceTree = "<group>";
		};
		372FEF631EE4394D006571AD /* 本地通知 */ = {
			isa = PBXGroup;
			children = (
				372FEF641EE4394D006571AD /* AppDelegate.swift */,
				372FEF661EE4394D006571AD /* ViewController.swift */,
				372FEF681EE4394D006571AD /* Main.storyboard */,
				372FEF6B1EE4394D006571AD /* Assets.xcassets */,
				372FEF6D1EE4394D006571AD /* LaunchScreen.storyboard */,
				372FEF701EE4394D006571AD /* Info.plist */,
			);
			path = "本地通知";
			sourceTree = "<group>";
		};
/* End PBXGroup section */

/* Begin PBXNativeTarget section */
		372FEF601EE4394D006571AD /* 本地通知 */ = {
			isa = PBXNativeTarget;
			buildConfigurationList = 372FEF731EE4394D006571AD /* Build configuration list for PBXNativeTarget "本地通知" */;
			buildPhases = (
				372FEF5D1EE4394D006571AD /* Sources */,
				372FEF5E1EE4394D006571AD /* Frameworks */,
				372FEF5F1EE4394D006571AD /* Resources */,
			);
			buildRules = (
			);
			dependencies = (
			);
			name = "本地通知";
			productName = "本地通知";
			productReference = 372FEF611EE4394D006571AD /* 本地通知.app */;
			productType = "com.apple.product-type.application";
		};
/* End PBXNativeTarget section */

/* Begin PBXProject section */
		372FEF591EE4394D006571AD /* Project object */ = {
			isa = PBXProject;
			attributes = {
				LastSwiftUpdateCheck = 0830;
				LastUpgradeCheck = 0830;
				ORGANIZATIONNAME = Allison;
				TargetAttributes = {
					372FEF601EE4394D006571AD = {
						CreatedOnToolsVersion = 8.3.1;
						DevelopmentTeam = WUS3ELUJZ3;
						ProvisioningStyle = Automatic;
					};
				};
			};
			buildConfigurationList = 372FEF5C1EE4394D006571AD /* Build configuration list for PBXProject "本地通知" */;
			compatibilityVersion = "Xcode 3.2";
			developmentRegion = English;
			hasScannedForEncodings = 0;
			knownRegions = (
				en,
				Base,
			);
			mainGroup = 372FEF581EE4394D006571AD;
			productRefGroup = 372FEF621EE4394D006571AD /* Products */;
			projectDirPath = "";
			projectRoot = "";
			targets = (
				372FEF601EE4394D006571AD /* 本地通知 */,
			);
		};
/* End PBXProject section */

/* Begin PBXResourcesBuildPhase section */
		372FEF5F1EE4394D006571AD /* Resources */ = {
			isa = PBXResourcesBuildPhase;
			buildActionMask = 2147483647;
			files = (
				372FEF6F1EE4394D006571AD /* LaunchScreen.storyboard in Resources */,
				372FEF6C1EE4394D006571AD /* Assets.xcassets in Resources */,
				372FEF6A1EE4394D006571AD /* Main.storyboard in Resources */,
			);
			runOnlyForDeploymentPostprocessing = 0;
		};
/* End PBXResourcesBuildPhase section */

/* Begin PBXSourcesBuildPhase section */
		372FEF5D1EE4394D006571AD /* Sources */ = {
			isa = PBXSourcesBuildPhase;
			buildActionMask = 2147483647;
			files = (
				372FEF671EE4394D006571AD /* ViewController.swift in Sources */,
				372FEF651EE4394D006571AD /* AppDelegate.swift in Sources */,
			);
			runOnlyForDeploymentPostprocessing = 0;
		};
/* End PBXSourcesBuildPhase section */

/* Begin PBXVariantGroup section */
		372FEF681EE4394D006571AD /* Main.storyboard */ = {
			isa = PBXVariantGroup;
			children = (
				372FEF691EE4394D006571AD /* Base */,
			);
			name = Main.storyboard;
			sourceTree = "<group>";
		};
		372FEF6D1EE4394D006571AD /* LaunchScreen.storyboard */ = {
			isa = PBXVariantGroup;
			children = (
				372FEF6E1EE4394D006571AD /* Base */,
			);
			name = LaunchScreen.storyboard;
			sourceTree = "<group>";
		};
/* End PBXVariantGroup section */

/* Begin XCBuildConfiguration section */
		372FEF711EE4394D006571AD /* Debug */ = {
			isa = XCBuildConfiguration;
			buildSettings = {
				ALWAYS_SEARCH_USER_PATHS = NO;
				CLANG_ANALYZER_NONNULL = YES;
				CLANG_ANALYZER_NUMBER_OBJECT_CONVERSION = YES_AGGRESSIVE;
				CLANG_CXX_LANGUAGE_STANDARD = "gnu++0x";
				CLANG_CXX_LIBRARY = "libc++";
				CLANG_ENABLE_MODULES = YES;
				CLANG_ENABLE_OBJC_ARC = YES;
				CLANG_WARN_BOOL_CONVERSION = YES;
				CLANG_WARN_CONSTANT_CONVERSION = YES;
				CLANG_WARN_DIRECT_OBJC_ISA_USAGE = YES_ERROR;
				CLANG_WARN_DOCUMENTATION_COMMENTS = YES;
				CLANG_WARN_EMPTY_BODY = YES;
				CLANG_WARN_ENUM_CONVERSION = YES;
				CLANG_WARN_INFINITE_RECURSION = YES;
				CLANG_WARN_INT_CONVERSION = YES;
				CLANG_WARN_OBJC_ROOT_CLASS = YES_ERROR;
				CLANG_WARN_SUSPICIOUS_MOVE = YES;
				CLANG_WARN_UNREACHABLE_CODE = YES;
				CLANG_WARN__DUPLICATE_METHOD_MATCH = YES;
				"CODE_SIGN_IDENTITY[sdk=iphoneos*]" = "iPhone Developer";
				COPY_PHASE_STRIP = NO;
				DEBUG_INFORMATION_FORMAT = dwarf;
				ENABLE_STRICT_OBJC_MSGSEND = YES;
				ENABLE_TESTABILITY = YES;
				GCC_C_LANGUAGE_STANDARD = gnu99;
				GCC_DYNAMIC_NO_PIC = NO;
				GCC_NO_COMMON_BLOCKS = YES;
				GCC_OPTIMIZATION_LEVEL = 0;
				GCC_PREPROCESSOR_DEFINITIONS = (
					"DEBUG=1",
					"$(inherited)",
				);
				GCC_WARN_64_TO_32_BIT_CONVERSION = YES;
				GCC_WARN_ABOUT_RETURN_TYPE = YES_ERROR;
				GCC_WARN_UNDECLARED_SELECTOR = YES;
				GCC_WARN_UNINITIALIZED_AUTOS = YES_AGGRESSIVE;
				GCC_WARN_UNUSED_FUNCTION = YES;
				GCC_WARN_UNUSED_VARIABLE = YES;
				IPHONEOS_DEPLOYMENT_TARGET = 10.3;
				MTL_ENABLE_DEBUG_INFO = YES;
				ONLY_ACTIVE_ARCH = YES;
				SDKROOT = iphoneos;
				SWIFT_ACTIVE_COMPILATION_CONDITIONS = DEBUG;
				SWIFT_OPTIMIZATION_LEVEL = "-Onone";
				TARGETED_DEVICE_FAMILY = "1,2";
			};
			name = Debug;
		};
		372FEF721EE4394D006571AD /* Release */ = {
			isa = XCBuildConfiguration;
			buildSettings = {
				ALWAYS_SEARCH_USER_PATHS = NO;
				CLANG_ANALYZER_NONNULL = YES;
				CLANG_ANALYZER_NUMBER_OBJECT_CONVERSION = YES_AGGRESSIVE;
				CLANG_CXX_LANGUAGE_STANDARD = "gnu++0x";
				CLANG_CXX_LIBRARY = "libc++";
				CLANG_ENABLE_MODULES = YES;
				CLANG_ENABLE_OBJC_ARC = YES;
				CLANG_WARN_BOOL_CONVERSION = YES;
				CLANG_WARN_CONSTANT_CONVERSION = YES;
				CLANG_WARN_DIRECT_OBJC_ISA_USAGE = YES_ERROR;
				CLANG_WARN_DOCUMENTATION_COMMENTS = YES;
				CLANG_WARN_EMPTY_BODY = YES;
				CLANG_WARN_ENUM_CONVERSION = YES;
				CLANG_WARN_INFINITE_RECURSION = YES;
				CLANG_WARN_INT_CONVERSION = YES;
				CLANG_WARN_OBJC_ROOT_CLASS = YES_ERROR;
				CLANG_WARN_SUSPICIOUS_MOVE = YES;
				CLANG_WARN_UNREACHABLE_CODE = YES;
				CLANG_WARN__DUPLICATE_METHOD_MATCH = YES;
				"CODE_SIGN_IDENTITY[sdk=iphoneos*]" = "iPhone Developer";
				COPY_PHASE_STRIP = NO;
				DEBUG_INFORMATION_FORMAT = "dwarf-with-dsym";
				ENABLE_NS_ASSERTIONS = NO;
				ENABLE_STRICT_OBJC_MSGSEND = YES;
				GCC_C_LANGUAGE_STANDARD = gnu99;
				GCC_NO_COMMON_BLOCKS = YES;
				GCC_WARN_64_TO_32_BIT_CONVERSION = YES;
				GCC_WARN_ABOUT_RETURN_TYPE = YES_ERROR;
				GCC_WARN_UNDECLARED_SELECTOR = YES;
				GCC_WARN_UNINITIALIZED_AUTOS = YES_AGGRESSIVE;
				GCC_WARN_UNUSED_FUNCTION = YES;
				GCC_WARN_UNUSED_VARIABLE = YES;
				IPHONEOS_DEPLOYMENT_TARGET = 10.3;
				MTL_ENABLE_DEBUG_INFO = NO;
				SDKROOT = iphoneos;
				SWIFT_OPTIMIZATION_LEVEL = "-Owholemodule";
				TARGETED_DEVICE_FAMILY = "1,2";
				VALIDATE_PRODUCT = YES;
			};
			name = Release;
		};
		372FEF741EE4394D006571AD /* Debug */ = {
			isa = XCBuildConfiguration;
			buildSettings = {
				ASSETCATALOG_COMPILER_APPICON_NAME = AppIcon;
				DEVELOPMENT_TEAM = WUS3ELUJZ3;
				INFOPLIST_FILE = "本地通知/Info.plist";
				IPHONEOS_DEPLOYMENT_TARGET = 8.0;
				LD_RUNPATH_SEARCH_PATHS = "$(inherited) @executable_path/Frameworks";
				PRODUCT_BUNDLE_IDENTIFIER = "WXLZ.----";
				PRODUCT_NAME = "$(TARGET_NAME)";
				SWIFT_VERSION = 3.0;
			};
			name = Debug;
		};
		372FEF751EE4394D006571AD /* Release */ = {
			isa = XCBuildConfiguration;
			buildSettings = {
				ASSETCATALOG_COMPILER_APPICON_NAME = AppIcon;
				DEVELOPMENT_TEAM = WUS3ELUJZ3;
				INFOPLIST_FILE = "本地通知/Info.plist";
				IPHONEOS_DEPLOYMENT_TARGET = 8.0;
				LD_RUNPATH_SEARCH_PATHS = "$(inherited) @executable_path/Frameworks";
				PRODUCT_BUNDLE_IDENTIFIER = "WXLZ.----";
				PRODUCT_NAME = "$(TARGET_NAME)";
				SWIFT_VERSION = 3.0;
			};
			name = Release;
		};
/* End XCBuildConfiguration section */

/* Begin XCConfigurationList section */
		372FEF5C1EE4394D006571AD /* Build configuration list for PBXProject "本地通知" */ = {
			isa = XCConfigurationList;
			buildConfigurations = (
				372FEF711EE4394D006571AD /* Debug */,
				372FEF721EE4394D006571AD /* Release */,
			);
			defaultConfigurationIsVisible = 0;
			defaultConfigurationName = Release;
		};
		372FEF731EE4394D006571AD /* Build configuration list for PBXNativeTarget "本地通知" */ = {
			isa = XCConfigurationList;
			buildConfigurations = (
				372FEF741EE4394D006571AD /* Debug */,
				372FEF751EE4394D006571AD /* Release */,
			);
			defaultConfigurationIsVisible = 0;
			defaultConfigurationName = Release;
		};
/* End XCConfigurationList section */
	};
	rootObject = 372FEF591EE4394D006571AD /* Project object */;
}
