// !$*UTF8*$!
{
	archiveVersion = 1;
	classes = {
	};
	objectVersion = 46;
	objects = {

/* Begin PBXBuildFile section */
		379AF7D01EB9B2E000033212 /* AppDelegate.swift in Sources */ = {isa = PBXBuildFile; fileRef = 379AF7CF1EB9B2E000033212 /* AppDelegate.swift */; };
		379AF7D21EB9B2E000033212 /* ViewController.swift in Sources */ = {isa = PBXBuildFile; fileRef = 379AF7D11EB9B2E000033212 /* ViewController.swift */; };
		379AF7D51EB9B2E000033212 /* Main.storyboard in Resources */ = {isa = PBXBuildFile; fileRef = 379AF7D31EB9B2E000033212 /* Main.storyboard */; };
		379AF7D71EB9B2E000033212 /* Assets.xcassets in Resources */ = {isa = PBXBuildFile; fileRef = 379AF7D61EB9B2E000033212 /* Assets.xcassets */; };
		379AF7DA1EB9B2E000033212 /* LaunchScreen.storyboard in Resources */ = {isa = PBXBuildFile; fileRef = 379AF7D81EB9B2E000033212 /* LaunchScreen.storyboard */; };
		379AF7E51EB9B2E100033212 /* ____Tests.swift in Sources */ = {isa = PBXBuildFile; fileRef = 379AF7E41EB9B2E100033212 /* ____Tests.swift */; };
		379AF7F01EB9B2E100033212 /* ____UITests.swift in Sources */ = {isa = PBXBuildFile; fileRef = 379AF7EF1EB9B2E100033212 /* ____UITests.swift */; };
		379AF81B1EB9B38D00033212 /* libSocialDouban.a in Frameworks */ = {isa = PBXBuildFile; fileRef = 379AF8001EB9B38D00033212 /* libSocialDouban.a */; };
		379AF81C1EB9B38D00033212 /* libSocialQQ.a in Frameworks */ = {isa = PBXBuildFile; fileRef = 379AF8031EB9B38D00033212 /* libSocialQQ.a */; };
		379AF81D1EB9B38D00033212 /* libSocialRenren.a in Frameworks */ = {isa = PBXBuildFile; fileRef = 379AF8061EB9B38D00033212 /* libSocialRenren.a */; };
		379AF81E1EB9B38D00033212 /* libSocialSina.a in Frameworks */ = {isa = PBXBuildFile; fileRef = 379AF8091EB9B38D00033212 /* libSocialSina.a */; };
		379AF81F1EB9B38D00033212 /* libSocialUniqueId.a in Frameworks */ = {isa = PBXBuildFile; fileRef = 379AF80C1EB9B38D00033212 /* libSocialUniqueId.a */; };
		379AF8201EB9B38D00033212 /* libSocialWeChat.a in Frameworks */ = {isa = PBXBuildFile; fileRef = 379AF80F1EB9B38D00033212 /* libSocialWeChat.a */; };
		379AF8211EB9B38D00033212 /* UMSocialCore.framework in Frameworks */ = {isa = PBXBuildFile; fileRef = 379AF8121EB9B38D00033212 /* UMSocialCore.framework */; };
		379AF8221EB9B38D00033212 /* UMSocialNetwork.framework in Frameworks */ = {isa = PBXBuildFile; fileRef = 379AF8131EB9B38D00033212 /* UMSocialNetwork.framework */; };
		379AF8231EB9B38D00033212 /* UMSocialSDKPromptResources.bundle in Resources */ = {isa = PBXBuildFile; fileRef = 379AF8141EB9B38D00033212 /* UMSocialSDKPromptResources.bundle */; };
		379AF8241EB9B38D00033212 /* libUMSocialCloudShare.a in Frameworks */ = {isa = PBXBuildFile; fileRef = 379AF8161EB9B38D00033212 /* libUMSocialCloudShare.a */; };
		379AF8251EB9B38D00033212 /* libUMSocialLog.a in Frameworks */ = {isa = PBXBuildFile; fileRef = 379AF8171EB9B38D00033212 /* libUMSocialLog.a */; };
		379AF8261EB9B38D00033212 /* UMSocialSDKResources.bundle in Resources */ = {isa = PBXBuildFile; fileRef = 379AF8191EB9B38D00033212 /* UMSocialSDKResources.bundle */; };
		379AF8271EB9B38D00033212 /* UShareUI.framework in Frameworks */ = {isa = PBXBuildFile; fileRef = 379AF81A1EB9B38D00033212 /* UShareUI.framework */; };
		379AF82A1EB9B42D00033212 /* libsqlite3.tbd in Frameworks */ = {isa = PBXBuildFile; fileRef = 379AF8291EB9B42D00033212 /* libsqlite3.tbd */; };
		379AF82C1EB9B43500033212 /* CoreGraphics.framework in Frameworks */ = {isa = PBXBuildFile; fileRef = 379AF82B1EB9B43500033212 /* CoreGraphics.framework */; };
		379AF82E1EB9B51700033212 /* SystemConfiguration.framework in Frameworks */ = {isa = PBXBuildFile; fileRef = 379AF82D1EB9B51700033212 /* SystemConfiguration.framework */; };
		379AF8301EB9B52800033212 /* libc++.tbd in Frameworks */ = {isa = PBXBuildFile; fileRef = 379AF82F1EB9B52800033212 /* libc++.tbd */; };
		379AF8321EB9B53A00033212 /* CoreTelephony.framework in Frameworks */ = {isa = PBXBuildFile; fileRef = 379AF8311EB9B53A00033212 /* CoreTelephony.framework */; };
		379AF8341EB9B54200033212 /* ImageIO.framework in Frameworks */ = {isa = PBXBuildFile; fileRef = 379AF8331EB9B54200033212 /* ImageIO.framework */; };
		379AF8361EB9B55300033212 /* libz.tbd in Frameworks */ = {isa = PBXBuildFile; fileRef = 379AF8351EB9B55300033212 /* libz.tbd */; };
/* End PBXBuildFile section */

/* Begin PBXContainerItemProxy section */
		379AF7E11EB9B2E100033212 /* PBXContainerItemProxy */ = {
			isa = PBXContainerItemProxy;
			containerPortal = 379AF7C41EB9B2E000033212 /* Project object */;
			proxyType = 1;
			remoteGlobalIDString = 379AF7CB1EB9B2E000033212;
			remoteInfo = "友盟分享";
		};
		379AF7EC1EB9B2E100033212 /* PBXContainerItemProxy */ = {
			isa = PBXContainerItemProxy;
			containerPortal = 379AF7C41EB9B2E000033212 /* Project object */;
			proxyType = 1;
			remoteGlobalIDString = 379AF7CB1EB9B2E000033212;
			remoteInfo = "友盟分享";
		};
/* End PBXContainerItemProxy section */

/* Begin PBXFileReference section */
		379AF7CC1EB9B2E000033212 /* 友盟分享.app */ = {isa = PBXFileReference; explicitFileType = wrapper.application; includeInIndex = 0; path = "友盟分享.app"; sourceTree = BUILT_PRODUCTS_DIR; };
		379AF7CF1EB9B2E000033212 /* AppDelegate.swift */ = {isa = PBXFileReference; lastKnownFileType = sourcecode.swift; path = AppDelegate.swift; sourceTree = "<group>"; };
		379AF7D11EB9B2E000033212 /* ViewController.swift */ = {isa = PBXFileReference; lastKnownFileType = sourcecode.swift; path = ViewController.swift; sourceTree = "<group>"; };
		379AF7D41EB9B2E000033212 /* Base */ = {isa = PBXFileReference; lastKnownFileType = file.storyboard; name = Base; path = Base.lproj/Main.storyboard; sourceTree = "<group>"; };
		379AF7D61EB9B2E000033212 /* Assets.xcassets */ = {isa = PBXFileReference; lastKnownFileType = folder.assetcatalog; path = Assets.xcassets; sourceTree = "<group>"; };
		379AF7D91EB9B2E000033212 /* Base */ = {isa = PBXFileReference; lastKnownFileType = file.storyboard; name = Base; path = Base.lproj/LaunchScreen.storyboard; sourceTree = "<group>"; };
		379AF7DB1EB9B2E000033212 /* Info.plist */ = {isa = PBXFileReference; lastKnownFileType = text.plist.xml; path = Info.plist; sourceTree = "<group>"; };
		379AF7E01EB9B2E100033212 /* 友盟分享Tests.xctest */ = {isa = PBXFileReference; explicitFileType = wrapper.cfbundle; includeInIndex = 0; path = "友盟分享Tests.xctest"; sourceTree = BUILT_PRODUCTS_DIR; };
		379AF7E41EB9B2E100033212 /* ____Tests.swift */ = {isa = PBXFileReference; lastKnownFileType = sourcecode.swift; path = "____Tests.swift"; sourceTree = "<group>"; };
		379AF7E61EB9B2E100033212 /* Info.plist */ = {isa = PBXFileReference; lastKnownFileType = text.plist.xml; path = Info.plist; sourceTree = "<group>"; };
		379AF7EB1EB9B2E100033212 /* 友盟分享UITests.xctest */ = {isa = PBXFileReference; explicitFileType = wrapper.cfbundle; includeInIndex = 0; path = "友盟分享UITests.xctest"; sourceTree = BUILT_PRODUCTS_DIR; };
		379AF7EF1EB9B2E100033212 /* ____UITests.swift */ = {isa = PBXFileReference; lastKnownFileType = sourcecode.swift; path = "____UITests.swift"; sourceTree = "<group>"; };
		379AF7F11EB9B2E100033212 /* Info.plist */ = {isa = PBXFileReference; lastKnownFileType = text.plist.xml; path = Info.plist; sourceTree = "<group>"; };
		379AF8001EB9B38D00033212 /* libSocialDouban.a */ = {isa = PBXFileReference; lastKnownFileType = archive.ar; path = libSocialDouban.a; sourceTree = "<group>"; };
		379AF8011EB9B38D00033212 /* UMSocialDoubanHandler.h */ = {isa = PBXFileReference; fileEncoding = 4; lastKnownFileType = sourcecode.c.h; path = UMSocialDoubanHandler.h; sourceTree = "<group>"; };
		379AF8031EB9B38D00033212 /* libSocialQQ.a */ = {isa = PBXFileReference; lastKnownFileType = archive.ar; path = libSocialQQ.a; sourceTree = "<group>"; };
		379AF8041EB9B38D00033212 /* UMSocialQQHandler.h */ = {isa = PBXFileReference; fileEncoding = 4; lastKnownFileType = sourcecode.c.h; path = UMSocialQQHandler.h; sourceTree = "<group>"; };
		379AF8061EB9B38D00033212 /* libSocialRenren.a */ = {isa = PBXFileReference; lastKnownFileType = archive.ar; path = libSocialRenren.a; sourceTree = "<group>"; };
		379AF8071EB9B38D00033212 /* UMSocialRenrenHandler.h */ = {isa = PBXFileReference; fileEncoding = 4; lastKnownFileType = sourcecode.c.h; path = UMSocialRenrenHandler.h; sourceTree = "<group>"; };
		379AF8091EB9B38D00033212 /* libSocialSina.a */ = {isa = PBXFileReference; lastKnownFileType = archive.ar; path = libSocialSina.a; sourceTree = "<group>"; };
		379AF80A1EB9B38D00033212 /* UMSocialSinaHandler.h */ = {isa = PBXFileReference; fileEncoding = 4; lastKnownFileType = sourcecode.c.h; path = UMSocialSinaHandler.h; sourceTree = "<group>"; };
		379AF80C1EB9B38D00033212 /* libSocialUniqueId.a */ = {isa = PBXFileReference; lastKnownFileType = archive.ar; path = libSocialUniqueId.a; sourceTree = "<group>"; };
		379AF80D1EB9B38D00033212 /* UMSocialUniqueIdHandler.h */ = {isa = PBXFileReference; fileEncoding = 4; lastKnownFileType = sourcecode.c.h; path = UMSocialUniqueIdHandler.h; sourceTree = "<group>"; };
		379AF80F1EB9B38D00033212 /* libSocialWeChat.a */ = {isa = PBXFileReference; lastKnownFileType = archive.ar; path = libSocialWeChat.a; sourceTree = "<group>"; };
		379AF8101EB9B38D00033212 /* UMSocialWechatHandler.h */ = {isa = PBXFileReference; fileEncoding = 4; lastKnownFileType = sourcecode.c.h; path = UMSocialWechatHandler.h; sourceTree = "<group>"; };
		379AF8121EB9B38D00033212 /* UMSocialCore.framework */ = {isa = PBXFileReference; lastKnownFileType = wrapper.framework; path = UMSocialCore.framework; sourceTree = "<group>"; };
		379AF8131EB9B38D00033212 /* UMSocialNetwork.framework */ = {isa = PBXFileReference; lastKnownFileType = wrapper.framework; path = UMSocialNetwork.framework; sourceTree = "<group>"; };
		379AF8141EB9B38D00033212 /* UMSocialSDKPromptResources.bundle */ = {isa = PBXFileReference; lastKnownFileType = "wrapper.plug-in"; path = UMSocialSDKPromptResources.bundle; sourceTree = "<group>"; };
		379AF8161EB9B38D00033212 /* libUMSocialCloudShare.a */ = {isa = PBXFileReference; lastKnownFileType = archive.ar; path = libUMSocialCloudShare.a; sourceTree = "<group>"; };
		379AF8171EB9B38D00033212 /* libUMSocialLog.a */ = {isa = PBXFileReference; lastKnownFileType = archive.ar; path = libUMSocialLog.a; sourceTree = "<group>"; };
		379AF8191EB9B38D00033212 /* UMSocialSDKResources.bundle */ = {isa = PBXFileReference; lastKnownFileType = "wrapper.plug-in"; path = UMSocialSDKResources.bundle; sourceTree = "<group>"; };
		379AF81A1EB9B38D00033212 /* UShareUI.framework */ = {isa = PBXFileReference; lastKnownFileType = wrapper.framework; path = UShareUI.framework; sourceTree = "<group>"; };
		379AF8291EB9B42D00033212 /* libsqlite3.tbd */ = {isa = PBXFileReference; lastKnownFileType = "sourcecode.text-based-dylib-definition"; name = libsqlite3.tbd; path = usr/lib/libsqlite3.tbd; sourceTree = SDKROOT; };
		379AF82B1EB9B43500033212 /* CoreGraphics.framework */ = {isa = PBXFileReference; lastKnownFileType = wrapper.framework; name = CoreGraphics.framework; path = System/Library/Frameworks/CoreGraphics.framework; sourceTree = SDKROOT; };
		379AF82D1EB9B51700033212 /* SystemConfiguration.framework */ = {isa = PBXFileReference; lastKnownFileType = wrapper.framework; name = SystemConfiguration.framework; path = System/Library/Frameworks/SystemConfiguration.framework; sourceTree = SDKROOT; };
		379AF82F1EB9B52800033212 /* libc++.tbd */ = {isa = PBXFileReference; lastKnownFileType = "sourcecode.text-based-dylib-definition"; name = "libc++.tbd"; path = "usr/lib/libc++.tbd"; sourceTree = SDKROOT; };
		379AF8311EB9B53A00033212 /* CoreTelephony.framework */ = {isa = PBXFileReference; lastKnownFileType = wrapper.framework; name = CoreTelephony.framework; path = System/Library/Frameworks/CoreTelephony.framework; sourceTree = SDKROOT; };
		379AF8331EB9B54200033212 /* ImageIO.framework */ = {isa = PBXFileReference; lastKnownFileType = wrapper.framework; name = ImageIO.framework; path = System/Library/Frameworks/ImageIO.framework; sourceTree = SDKROOT; };
		379AF8351EB9B55300033212 /* libz.tbd */ = {isa = PBXFileReference; lastKnownFileType = "sourcecode.text-based-dylib-definition"; name = libz.tbd; path = usr/lib/libz.tbd; sourceTree = SDKROOT; };
		379AF8391EB9B7AD00033212 /* Bridge.h */ = {isa = PBXFileReference; lastKnownFileType = sourcecode.c.h; path = Bridge.h; sourceTree = "<group>"; };
/* End PBXFileReference section */

/* Begin PBXFrameworksBuildPhase section */
		379AF7C91EB9B2E000033212 /* Frameworks */ = {
			isa = PBXFrameworksBuildPhase;
			buildActionMask = 2147483647;
			files = (
				379AF8361EB9B55300033212 /* libz.tbd in Frameworks */,
				379AF8301EB9B52800033212 /* libc++.tbd in Frameworks */,
				379AF82A1EB9B42D00033212 /* libsqlite3.tbd in Frameworks */,
				379AF8321EB9B53A00033212 /* CoreTelephony.framework in Frameworks */,
				379AF82E1EB9B51700033212 /* SystemConfiguration.framework in Frameworks */,
				379AF8341EB9B54200033212 /* ImageIO.framework in Frameworks */,
				379AF82C1EB9B43500033212 /* CoreGraphics.framework in Frameworks */,
				379AF8211EB9B38D00033212 /* UMSocialCore.framework in Frameworks */,
				379AF81F1EB9B38D00033212 /* libSocialUniqueId.a in Frameworks */,
				379AF81D1EB9B38D00033212 /* libSocialRenren.a in Frameworks */,
				379AF8271EB9B38D00033212 /* UShareUI.framework in Frameworks */,
				379AF8241EB9B38D00033212 /* libUMSocialCloudShare.a in Frameworks */,
				379AF81C1EB9B38D00033212 /* libSocialQQ.a in Frameworks */,
				379AF8221EB9B38D00033212 /* UMSocialNetwork.framework in Frameworks */,
				379AF81B1EB9B38D00033212 /* libSocialDouban.a in Frameworks */,
				379AF8201EB9B38D00033212 /* libSocialWeChat.a in Frameworks */,
				379AF81E1EB9B38D00033212 /* libSocialSina.a in Frameworks */,
				379AF8251EB9B38D00033212 /* libUMSocialLog.a in Frameworks */,
			);
			runOnlyForDeploymentPostprocessing = 0;
		};
		379AF7DD1EB9B2E100033212 /* Frameworks */ = {
			isa = PBXFrameworksBuildPhase;
			buildActionMask = 2147483647;
			files = (
			);
			runOnlyForDeploymentPostprocessing = 0;
		};
		379AF7E81EB9B2E100033212 /* Frameworks */ = {
			isa = PBXFrameworksBuildPhase;
			buildActionMask = 2147483647;
			files = (
			);
			runOnlyForDeploymentPostprocessing = 0;
		};
/* End PBXFrameworksBuildPhase section */

/* Begin PBXGroup section */
		379AF7C31EB9B2E000033212 = {
			isa = PBXGroup;
			children = (
				379AF7CE1EB9B2E000033212 /* 友盟分享 */,
				379AF7E31EB9B2E100033212 /* 友盟分享Tests */,
				379AF7EE1EB9B2E100033212 /* 友盟分享UITests */,
				379AF7CD1EB9B2E000033212 /* Products */,
				379AF8281EB9B42D00033212 /* Frameworks */,
			);
			sourceTree = "<group>";
		};
		379AF7CD1EB9B2E000033212 /* Products */ = {
			isa = PBXGroup;
			children = (
				379AF7CC1EB9B2E000033212 /* 友盟分享.app */,
				379AF7E01EB9B2E100033212 /* 友盟分享Tests.xctest */,
				379AF7EB1EB9B2E100033212 /* 友盟分享UITests.xctest */,
			);
			name = Products;
			sourceTree = "<group>";
		};
		379AF7CE1EB9B2E000033212 /* 友盟分享 */ = {
			isa = PBXGroup;
			children = (
				379AF7FD1EB9B38D00033212 /* UMSocial */,
				379AF7CF1EB9B2E000033212 /* AppDelegate.swift */,
				379AF7D11EB9B2E000033212 /* ViewController.swift */,
				379AF7D31EB9B2E000033212 /* Main.storyboard */,
				379AF7D61EB9B2E000033212 /* Assets.xcassets */,
				379AF7D81EB9B2E000033212 /* LaunchScreen.storyboard */,
				379AF7DB1EB9B2E000033212 /* Info.plist */,
				379AF8391EB9B7AD00033212 /* Bridge.h */,
			);
			path = "友盟分享";
			sourceTree = "<group>";
		};
		379AF7E31EB9B2E100033212 /* 友盟分享Tests */ = {
			isa = PBXGroup;
			children = (
				379AF7E41EB9B2E100033212 /* ____Tests.swift */,
				379AF7E61EB9B2E100033212 /* Info.plist */,
			);
			path = "友盟分享Tests";
			sourceTree = "<group>";
		};
		379AF7EE1EB9B2E100033212 /* 友盟分享UITests */ = {
			isa = PBXGroup;
			children = (
				379AF7EF1EB9B2E100033212 /* ____UITests.swift */,
				379AF7F11EB9B2E100033212 /* Info.plist */,
			);
			path = "友盟分享UITests";
			sourceTree = "<group>";
		};
		379AF7FD1EB9B38D00033212 /* UMSocial */ = {
			isa = PBXGroup;
			children = (
				379AF7FE1EB9B38D00033212 /* SocialLibraries */,
				379AF8111EB9B38D00033212 /* UMSocialSDK */,
				379AF8151EB9B38D00033212 /* UMSocialSDKPlugin */,
				379AF8181EB9B38D00033212 /* UMSocialUI */,
			);
			path = UMSocial;
			sourceTree = "<group>";
		};
		379AF7FE1EB9B38D00033212 /* SocialLibraries */ = {
			isa = PBXGroup;
			children = (
				379AF7FF1EB9B38D00033212 /* Douban */,
				379AF8021EB9B38D00033212 /* QQ */,
				379AF8051EB9B38D00033212 /* Renren */,
				379AF8081EB9B38D00033212 /* Sina */,
				379AF80B1EB9B38D00033212 /* UniqueId */,
				379AF80E1EB9B38D00033212 /* WeChat */,
			);
			path = SocialLibraries;
			sourceTree = "<group>";
		};
		379AF7FF1EB9B38D00033212 /* Douban */ = {
			isa = PBXGroup;
			children = (
				379AF8001EB9B38D00033212 /* libSocialDouban.a */,
				379AF8011EB9B38D00033212 /* UMSocialDoubanHandler.h */,
			);
			path = Douban;
			sourceTree = "<group>";
		};
		379AF8021EB9B38D00033212 /* QQ */ = {
			isa = PBXGroup;
			children = (
				379AF8031EB9B38D00033212 /* libSocialQQ.a */,
				379AF8041EB9B38D00033212 /* UMSocialQQHandler.h */,
			);
			path = QQ;
			sourceTree = "<group>";
		};
		379AF8051EB9B38D00033212 /* Renren */ = {
			isa = PBXGroup;
			children = (
				379AF8061EB9B38D00033212 /* libSocialRenren.a */,
				379AF8071EB9B38D00033212 /* UMSocialRenrenHandler.h */,
			);
			path = Renren;
			sourceTree = "<group>";
		};
		379AF8081EB9B38D00033212 /* Sina */ = {
			isa = PBXGroup;
			children = (
				379AF8091EB9B38D00033212 /* libSocialSina.a */,
				379AF80A1EB9B38D00033212 /* UMSocialSinaHandler.h */,
			);
			path = Sina;
			sourceTree = "<group>";
		};
		379AF80B1EB9B38D00033212 /* UniqueId */ = {
			isa = PBXGroup;
			children = (
				379AF80C1EB9B38D00033212 /* libSocialUniqueId.a */,
				379AF80D1EB9B38D00033212 /* UMSocialUniqueIdHandler.h */,
			);
			path = UniqueId;
			sourceTree = "<group>";
		};
		379AF80E1EB9B38D00033212 /* WeChat */ = {
			isa = PBXGroup;
			children = (
				379AF80F1EB9B38D00033212 /* libSocialWeChat.a */,
				379AF8101EB9B38D00033212 /* UMSocialWechatHandler.h */,
			);
			path = WeChat;
			sourceTree = "<group>";
		};
		379AF8111EB9B38D00033212 /* UMSocialSDK */ = {
			isa = PBXGroup;
			children = (
				379AF8121EB9B38D00033212 /* UMSocialCore.framework */,
				379AF8131EB9B38D00033212 /* UMSocialNetwork.framework */,
				379AF8141EB9B38D00033212 /* UMSocialSDKPromptResources.bundle */,
			);
			path = UMSocialSDK;
			sourceTree = "<group>";
		};
		379AF8151EB9B38D00033212 /* UMSocialSDKPlugin */ = {
			isa = PBXGroup;
			children = (
				379AF8161EB9B38D00033212 /* libUMSocialCloudShare.a */,
				379AF8171EB9B38D00033212 /* libUMSocialLog.a */,
			);
			path = UMSocialSDKPlugin;
			sourceTree = "<group>";
		};
		379AF8181EB9B38D00033212 /* UMSocialUI */ = {
			isa = PBXGroup;
			children = (
				379AF8191EB9B38D00033212 /* UMSocialSDKResources.bundle */,
				379AF81A1EB9B38D00033212 /* UShareUI.framework */,
			);
			path = UMSocialUI;
			sourceTree = "<group>";
		};
		379AF8281EB9B42D00033212 /* Frameworks */ = {
			isa = PBXGroup;
			children = (
				379AF8351EB9B55300033212 /* libz.tbd */,
				379AF8331EB9B54200033212 /* ImageIO.framework */,
				379AF8311EB9B53A00033212 /* CoreTelephony.framework */,
				379AF82F1EB9B52800033212 /* libc++.tbd */,
				379AF82D1EB9B51700033212 /* SystemConfiguration.framework */,
				379AF82B1EB9B43500033212 /* CoreGraphics.framework */,
				379AF8291EB9B42D00033212 /* libsqlite3.tbd */,
			);
			name = Frameworks;
			sourceTree = "<group>";
		};
/* End PBXGroup section */

/* Begin PBXNativeTarget section */
		379AF7CB1EB9B2E000033212 /* 友盟分享 */ = {
			isa = PBXNativeTarget;
			buildConfigurationList = 379AF7F41EB9B2E100033212 /* Build configuration list for PBXNativeTarget "友盟分享" */;
			buildPhases = (
				379AF7C81EB9B2E000033212 /* Sources */,
				379AF7C91EB9B2E000033212 /* Frameworks */,
				379AF7CA1EB9B2E000033212 /* Resources */,
			);
			buildRules = (
			);
			dependencies = (
			);
			name = "友盟分享";
			productName = "友盟分享";
			productReference = 379AF7CC1EB9B2E000033212 /* 友盟分享.app */;
			productType = "com.apple.product-type.application";
		};
		379AF7DF1EB9B2E100033212 /* 友盟分享Tests */ = {
			isa = PBXNativeTarget;
			buildConfigurationList = 379AF7F71EB9B2E100033212 /* Build configuration list for PBXNativeTarget "友盟分享Tests" */;
			buildPhases = (
				379AF7DC1EB9B2E100033212 /* Sources */,
				379AF7DD1EB9B2E100033212 /* Frameworks */,
				379AF7DE1EB9B2E100033212 /* Resources */,
			);
			buildRules = (
			);
			dependencies = (
				379AF7E21EB9B2E100033212 /* PBXTargetDependency */,
			);
			name = "友盟分享Tests";
			productName = "友盟分享Tests";
			productReference = 379AF7E01EB9B2E100033212 /* 友盟分享Tests.xctest */;
			productType = "com.apple.product-type.bundle.unit-test";
		};
		379AF7EA1EB9B2E100033212 /* 友盟分享UITests */ = {
			isa = PBXNativeTarget;
			buildConfigurationList = 379AF7FA1EB9B2E100033212 /* Build configuration list for PBXNativeTarget "友盟分享UITests" */;
			buildPhases = (
				379AF7E71EB9B2E100033212 /* Sources */,
				379AF7E81EB9B2E100033212 /* Frameworks */,
				379AF7E91EB9B2E100033212 /* Resources */,
			);
			buildRules = (
			);
			dependencies = (
				379AF7ED1EB9B2E100033212 /* PBXTargetDependency */,
			);
			name = "友盟分享UITests";
			productName = "友盟分享UITests";
			productReference = 379AF7EB1EB9B2E100033212 /* 友盟分享UITests.xctest */;
			productType = "com.apple.product-type.bundle.ui-testing";
		};
/* End PBXNativeTarget section */

/* Begin PBXProject section */
		379AF7C41EB9B2E000033212 /* Project object */ = {
			isa = PBXProject;
			attributes = {
				LastSwiftUpdateCheck = 0830;
				LastUpgradeCheck = 0830;
				ORGANIZATIONNAME = Allison;
				TargetAttributes = {
					379AF7CB1EB9B2E000033212 = {
						CreatedOnToolsVersion = 8.3.1;
						DevelopmentTeam = WUS3ELUJZ3;
						ProvisioningStyle = Automatic;
					};
					379AF7DF1EB9B2E100033212 = {
						CreatedOnToolsVersion = 8.3.1;
						ProvisioningStyle = Automatic;
						TestTargetID = 379AF7CB1EB9B2E000033212;
					};
					379AF7EA1EB9B2E100033212 = {
						CreatedOnToolsVersion = 8.3.1;
						ProvisioningStyle = Automatic;
						TestTargetID = 379AF7CB1EB9B2E000033212;
					};
				};
			};
			buildConfigurationList = 379AF7C71EB9B2E000033212 /* Build configuration list for PBXProject "友盟分享" */;
			compatibilityVersion = "Xcode 3.2";
			developmentRegion = English;
			hasScannedForEncodings = 0;
			knownRegions = (
				en,
				Base,
			);
			mainGroup = 379AF7C31EB9B2E000033212;
			productRefGroup = 379AF7CD1EB9B2E000033212 /* Products */;
			projectDirPath = "";
			projectRoot = "";
			targets = (
				379AF7CB1EB9B2E000033212 /* 友盟分享 */,
				379AF7DF1EB9B2E100033212 /* 友盟分享Tests */,
				379AF7EA1EB9B2E100033212 /* 友盟分享UITests */,
			);
		};
/* End PBXProject section */

/* Begin PBXResourcesBuildPhase section */
		379AF7CA1EB9B2E000033212 /* Resources */ = {
			isa = PBXResourcesBuildPhase;
			buildActionMask = 2147483647;
			files = (
				379AF7DA1EB9B2E000033212 /* LaunchScreen.storyboard in Resources */,
				379AF7D71EB9B2E000033212 /* Assets.xcassets in Resources */,
				379AF7D51EB9B2E000033212 /* Main.storyboard in Resources */,
				379AF8231EB9B38D00033212 /* UMSocialSDKPromptResources.bundle in Resources */,
				379AF8261EB9B38D00033212 /* UMSocialSDKResources.bundle in Resources */,
			);
			runOnlyForDeploymentPostprocessing = 0;
		};
		379AF7DE1EB9B2E100033212 /* Resources */ = {
			isa = PBXResourcesBuildPhase;
			buildActionMask = 2147483647;
			files = (
			);
			runOnlyForDeploymentPostprocessing = 0;
		};
		379AF7E91EB9B2E100033212 /* Resources */ = {
			isa = PBXResourcesBuildPhase;
			buildActionMask = 2147483647;
			files = (
			);
			runOnlyForDeploymentPostprocessing = 0;
		};
/* End PBXResourcesBuildPhase section */

/* Begin PBXSourcesBuildPhase section */
		379AF7C81EB9B2E000033212 /* Sources */ = {
			isa = PBXSourcesBuildPhase;
			buildActionMask = 2147483647;
			files = (
				379AF7D21EB9B2E000033212 /* ViewController.swift in Sources */,
				379AF7D01EB9B2E000033212 /* AppDelegate.swift in Sources */,
			);
			runOnlyForDeploymentPostprocessing = 0;
		};
		379AF7DC1EB9B2E100033212 /* Sources */ = {
			isa = PBXSourcesBuildPhase;
			buildActionMask = 2147483647;
			files = (
				379AF7E51EB9B2E100033212 /* ____Tests.swift in Sources */,
			);
			runOnlyForDeploymentPostprocessing = 0;
		};
		379AF7E71EB9B2E100033212 /* Sources */ = {
			isa = PBXSourcesBuildPhase;
			buildActionMask = 2147483647;
			files = (
				379AF7F01EB9B2E100033212 /* ____UITests.swift in Sources */,
			);
			runOnlyForDeploymentPostprocessing = 0;
		};
/* End PBXSourcesBuildPhase section */

/* Begin PBXTargetDependency section */
		379AF7E21EB9B2E100033212 /* PBXTargetDependency */ = {
			isa = PBXTargetDependency;
			target = 379AF7CB1EB9B2E000033212 /* 友盟分享 */;
			targetProxy = 379AF7E11EB9B2E100033212 /* PBXContainerItemProxy */;
		};
		379AF7ED1EB9B2E100033212 /* PBXTargetDependency */ = {
			isa = PBXTargetDependency;
			target = 379AF7CB1EB9B2E000033212 /* 友盟分享 */;
			targetProxy = 379AF7EC1EB9B2E100033212 /* PBXContainerItemProxy */;
		};
/* End PBXTargetDependency section */

/* Begin PBXVariantGroup section */
		379AF7D31EB9B2E000033212 /* Main.storyboard */ = {
			isa = PBXVariantGroup;
			children = (
				379AF7D41EB9B2E000033212 /* Base */,
			);
			name = Main.storyboard;
			sourceTree = "<group>";
		};
		379AF7D81EB9B2E000033212 /* LaunchScreen.storyboard */ = {
			isa = PBXVariantGroup;
			children = (
				379AF7D91EB9B2E000033212 /* Base */,
			);
			name = LaunchScreen.storyboard;
			sourceTree = "<group>";
		};
/* End PBXVariantGroup section */

/* Begin XCBuildConfiguration section */
		379AF7F21EB9B2E100033212 /* Debug */ = {
			isa = XCBuildConfiguration;
			buildSettings = {
				ALWAYS_SEARCH_USER_PATHS = NO;
				CLANG_ANALYZER_NONNULL = YES;
				CLANG_ANALYZER_NUMBER_OBJECT_CONVERSION = YES_AGGRESSIVE;
				CLANG_CXX_LANGUAGE_STANDARD = "gnu++0x";
				CLANG_CXX_LIBRARY = "libc++";
				CLANG_ENABLE_MODULES = YES;
				CLANG_ENABLE_OBJC_ARC = YES;
				CLANG_WARN_BOOL_CONVERSION = YES;
				CLANG_WARN_CONSTANT_CONVERSION = YES;
				CLANG_WARN_DIRECT_OBJC_ISA_USAGE = YES_ERROR;
				CLANG_WARN_DOCUMENTATION_COMMENTS = YES;
				CLANG_WARN_EMPTY_BODY = YES;
				CLANG_WARN_ENUM_CONVERSION = YES;
				CLANG_WARN_INFINITE_RECURSION = YES;
				CLANG_WARN_INT_CONVERSION = YES;
				CLANG_WARN_OBJC_ROOT_CLASS = YES_ERROR;
				CLANG_WARN_SUSPICIOUS_MOVE = YES;
				CLANG_WARN_UNREACHABLE_CODE = YES;
				CLANG_WARN__DUPLICATE_METHOD_MATCH = YES;
				"CODE_SIGN_IDENTITY[sdk=iphoneos*]" = "iPhone Developer";
				COPY_PHASE_STRIP = NO;
				DEBUG_INFORMATION_FORMAT = dwarf;
				ENABLE_STRICT_OBJC_MSGSEND = YES;
				ENABLE_TESTABILITY = YES;
				GCC_C_LANGUAGE_STANDARD = gnu99;
				GCC_DYNAMIC_NO_PIC = NO;
				GCC_NO_COMMON_BLOCKS = YES;
				GCC_OPTIMIZATION_LEVEL = 0;
				GCC_PREPROCESSOR_DEFINITIONS = (
					"DEBUG=1",
					"$(inherited)",
				);
				GCC_WARN_64_TO_32_BIT_CONVERSION = YES;
				GCC_WARN_ABOUT_RETURN_TYPE = YES_ERROR;
				GCC_WARN_UNDECLARED_SELECTOR = YES;
				GCC_WARN_UNINITIALIZED_AUTOS = YES_AGGRESSIVE;
				GCC_WARN_UNUSED_FUNCTION = YES;
				GCC_WARN_UNUSED_VARIABLE = YES;
				IPHONEOS_DEPLOYMENT_TARGET = 10.3;
				MTL_ENABLE_DEBUG_INFO = YES;
				ONLY_ACTIVE_ARCH = YES;
				SDKROOT = iphoneos;
				SWIFT_ACTIVE_COMPILATION_CONDITIONS = DEBUG;
				SWIFT_OPTIMIZATION_LEVEL = "-Onone";
				TARGETED_DEVICE_FAMILY = "1,2";
			};
			name = Debug;
		};
		379AF7F31EB9B2E100033212 /* Release */ = {
			isa = XCBuildConfiguration;
			buildSettings = {
				ALWAYS_SEARCH_USER_PATHS = NO;
				CLANG_ANALYZER_NONNULL = YES;
				CLANG_ANALYZER_NUMBER_OBJECT_CONVERSION = YES_AGGRESSIVE;
				CLANG_CXX_LANGUAGE_STANDARD = "gnu++0x";
				CLANG_CXX_LIBRARY = "libc++";
				CLANG_ENABLE_MODULES = YES;
				CLANG_ENABLE_OBJC_ARC = YES;
				CLANG_WARN_BOOL_CONVERSION = YES;
				CLANG_WARN_CONSTANT_CONVERSION = YES;
				CLANG_WARN_DIRECT_OBJC_ISA_USAGE = YES_ERROR;
				CLANG_WARN_DOCUMENTATION_COMMENTS = YES;
				CLANG_WARN_EMPTY_BODY = YES;
				CLANG_WARN_ENUM_CONVERSION = YES;
				CLANG_WARN_INFINITE_RECURSION = YES;
				CLANG_WARN_INT_CONVERSION = YES;
				CLANG_WARN_OBJC_ROOT_CLASS = YES_ERROR;
				CLANG_WARN_SUSPICIOUS_MOVE = YES;
				CLANG_WARN_UNREACHABLE_CODE = YES;
				CLANG_WARN__DUPLICATE_METHOD_MATCH = YES;
				"CODE_SIGN_IDENTITY[sdk=iphoneos*]" = "iPhone Developer";
				COPY_PHASE_STRIP = NO;
				DEBUG_INFORMATION_FORMAT = "dwarf-with-dsym";
				ENABLE_NS_ASSERTIONS = NO;
				ENABLE_STRICT_OBJC_MSGSEND = YES;
				GCC_C_LANGUAGE_STANDARD = gnu99;
				GCC_NO_COMMON_BLOCKS = YES;
				GCC_WARN_64_TO_32_BIT_CONVERSION = YES;
				GCC_WARN_ABOUT_RETURN_TYPE = YES_ERROR;
				GCC_WARN_UNDECLARED_SELECTOR = YES;
				GCC_WARN_UNINITIALIZED_AUTOS = YES_AGGRESSIVE;
				GCC_WARN_UNUSED_FUNCTION = YES;
				GCC_WARN_UNUSED_VARIABLE = YES;
				IPHONEOS_DEPLOYMENT_TARGET = 10.3;
				MTL_ENABLE_DEBUG_INFO = NO;
				SDKROOT = iphoneos;
				SWIFT_OPTIMIZATION_LEVEL = "-Owholemodule";
				TARGETED_DEVICE_FAMILY = "1,2";
				VALIDATE_PRODUCT = YES;
			};
			name = Release;
		};
		379AF7F51EB9B2E100033212 /* Debug */ = {
			isa = XCBuildConfiguration;
			buildSettings = {
				ASSETCATALOG_COMPILER_APPICON_NAME = AppIcon;
				DEVELOPMENT_TEAM = WUS3ELUJZ3;
				FRAMEWORK_SEARCH_PATHS = (
					"$(inherited)",
					"$(PROJECT_DIR)/友盟分享/UMSocial/UMSocialSDK",
					"$(PROJECT_DIR)/友盟分享/UMSocial/UMSocialUI",
				);
				INFOPLIST_FILE = "友盟分享/Info.plist";
				IPHONEOS_DEPLOYMENT_TARGET = 8.0;
				LD_RUNPATH_SEARCH_PATHS = "$(inherited) @executable_path/Frameworks";
				LIBRARY_SEARCH_PATHS = (
					"$(inherited)",
					"$(PROJECT_DIR)/友盟分享/UMSocial/SocialLibraries/Douban",
					"$(PROJECT_DIR)/友盟分享/UMSocial/SocialLibraries/QQ",
					"$(PROJECT_DIR)/友盟分享/UMSocial/SocialLibraries/Renren",
					"$(PROJECT_DIR)/友盟分享/UMSocial/SocialLibraries/Sina",
					"$(PROJECT_DIR)/友盟分享/UMSocial/SocialLibraries/UniqueId",
					"$(PROJECT_DIR)/友盟分享/UMSocial/SocialLibraries/WeChat",
					"$(PROJECT_DIR)/友盟分享/UMSocial/UMSocialSDKPlugin",
				);
				OTHER_LDFLAGS = "-ObjC";
				OTHER_LIBTOOLFLAGS = "-ObjC";
				PRODUCT_BUNDLE_IDENTIFIER = com.umeng.woasis;
				PRODUCT_NAME = "$(TARGET_NAME)";
				SWIFT_OBJC_BRIDGING_HEADER = "友盟分享/Bridge.h";
				SWIFT_VERSION = 3.0;
			};
			name = Debug;
		};
		379AF7F61EB9B2E100033212 /* Release */ = {
			isa = XCBuildConfiguration;
			buildSettings = {
				ASSETCATALOG_COMPILER_APPICON_NAME = AppIcon;
				DEVELOPMENT_TEAM = WUS3ELUJZ3;
				FRAMEWORK_SEARCH_PATHS = (
					"$(inherited)",
					"$(PROJECT_DIR)/友盟分享/UMSocial/UMSocialSDK",
					"$(PROJECT_DIR)/友盟分享/UMSocial/UMSocialUI",
				);
				INFOPLIST_FILE = "友盟分享/Info.plist";
				IPHONEOS_DEPLOYMENT_TARGET = 8.0;
				LD_RUNPATH_SEARCH_PATHS = "$(inherited) @executable_path/Frameworks";
				LIBRARY_SEARCH_PATHS = (
					"$(inherited)",
					"$(PROJECT_DIR)/友盟分享/UMSocial/SocialLibraries/Douban",
					"$(PROJECT_DIR)/友盟分享/UMSocial/SocialLibraries/QQ",
					"$(PROJECT_DIR)/友盟分享/UMSocial/SocialLibraries/Renren",
					"$(PROJECT_DIR)/友盟分享/UMSocial/SocialLibraries/Sina",
					"$(PROJECT_DIR)/友盟分享/UMSocial/SocialLibraries/UniqueId",
					"$(PROJECT_DIR)/友盟分享/UMSocial/SocialLibraries/WeChat",
					"$(PROJECT_DIR)/友盟分享/UMSocial/UMSocialSDKPlugin",
				);
				OTHER_LDFLAGS = "-ObjC";
				OTHER_LIBTOOLFLAGS = "-ObjC";
				PRODUCT_BUNDLE_IDENTIFIER = com.umeng.woasis;
				PRODUCT_NAME = "$(TARGET_NAME)";
				SWIFT_OBJC_BRIDGING_HEADER = "友盟分享/Bridge.h";
				SWIFT_VERSION = 3.0;
			};
			name = Release;
		};
		379AF7F81EB9B2E100033212 /* Debug */ = {
			isa = XCBuildConfiguration;
			buildSettings = {
				ALWAYS_EMBED_SWIFT_STANDARD_LIBRARIES = YES;
				BUNDLE_LOADER = "$(TEST_HOST)";
				INFOPLIST_FILE = "友盟分享Tests/Info.plist";
				LD_RUNPATH_SEARCH_PATHS = "$(inherited) @executable_path/Frameworks @loader_path/Frameworks";
				PRODUCT_BUNDLE_IDENTIFIER = "WXLZ.----Tests";
				PRODUCT_NAME = "$(TARGET_NAME)";
				SWIFT_VERSION = 3.0;
				TEST_HOST = "$(BUILT_PRODUCTS_DIR)/友盟分享.app/友盟分享";
			};
			name = Debug;
		};
		379AF7F91EB9B2E100033212 /* Release */ = {
			isa = XCBuildConfiguration;
			buildSettings = {
				ALWAYS_EMBED_SWIFT_STANDARD_LIBRARIES = YES;
				BUNDLE_LOADER = "$(TEST_HOST)";
				INFOPLIST_FILE = "友盟分享Tests/Info.plist";
				LD_RUNPATH_SEARCH_PATHS = "$(inherited) @executable_path/Frameworks @loader_path/Frameworks";
				PRODUCT_BUNDLE_IDENTIFIER = "WXLZ.----Tests";
				PRODUCT_NAME = "$(TARGET_NAME)";
				SWIFT_VERSION = 3.0;
				TEST_HOST = "$(BUILT_PRODUCTS_DIR)/友盟分享.app/友盟分享";
			};
			name = Release;
		};
		379AF7FB1EB9B2E100033212 /* Debug */ = {
			isa = XCBuildConfiguration;
			buildSettings = {
				ALWAYS_EMBED_SWIFT_STANDARD_LIBRARIES = YES;
				INFOPLIST_FILE = "友盟分享UITests/Info.plist";
				LD_RUNPATH_SEARCH_PATHS = "$(inherited) @executable_path/Frameworks @loader_path/Frameworks";
				PRODUCT_BUNDLE_IDENTIFIER = "WXLZ.----UITests";
				PRODUCT_NAME = "$(TARGET_NAME)";
				SWIFT_VERSION = 3.0;
				TEST_TARGET_NAME = "友盟分享";
			};
			name = Debug;
		};
		379AF7FC1EB9B2E100033212 /* Release */ = {
			isa = XCBuildConfiguration;
			buildSettings = {
				ALWAYS_EMBED_SWIFT_STANDARD_LIBRARIES = YES;
				INFOPLIST_FILE = "友盟分享UITests/Info.plist";
				LD_RUNPATH_SEARCH_PATHS = "$(inherited) @executable_path/Frameworks @loader_path/Frameworks";
				PRODUCT_BUNDLE_IDENTIFIER = "WXLZ.----UITests";
				PRODUCT_NAME = "$(TARGET_NAME)";
				SWIFT_VERSION = 3.0;
				TEST_TARGET_NAME = "友盟分享";
			};
			name = Release;
		};
/* End XCBuildConfiguration section */

/* Begin XCConfigurationList section */
		379AF7C71EB9B2E000033212 /* Build configuration list for PBXProject "友盟分享" */ = {
			isa = XCConfigurationList;
			buildConfigurations = (
				379AF7F21EB9B2E100033212 /* Debug */,
				379AF7F31EB9B2E100033212 /* Release */,
			);
			defaultConfigurationIsVisible = 0;
			defaultConfigurationName = Release;
		};
		379AF7F41EB9B2E100033212 /* Build configuration list for PBXNativeTarget "友盟分享" */ = {
			isa = XCConfigurationList;
			buildConfigurations = (
				379AF7F51EB9B2E100033212 /* Debug */,
				379AF7F61EB9B2E100033212 /* Release */,
			);
			defaultConfigurationIsVisible = 0;
			defaultConfigurationName = Release;
		};
		379AF7F71EB9B2E100033212 /* Build configuration list for PBXNativeTarget "友盟分享Tests" */ = {
			isa = XCConfigurationList;
			buildConfigurations = (
				379AF7F81EB9B2E100033212 /* Debug */,
				379AF7F91EB9B2E100033212 /* Release */,
			);
			defaultConfigurationIsVisible = 0;
			defaultConfigurationName = Release;
		};
		379AF7FA1EB9B2E100033212 /* Build configuration list for PBXNativeTarget "友盟分享UITests" */ = {
			isa = XCConfigurationList;
			buildConfigurations = (
				379AF7FB1EB9B2E100033212 /* Debug */,
				379AF7FC1EB9B2E100033212 /* Release */,
			);
			defaultConfigurationIsVisible = 0;
			defaultConfigurationName = Release;
		};
/* End XCConfigurationList section */
	};
	rootObject = 379AF7C41EB9B2E000033212 /* Project object */;
}
