// !$*UTF8*$!
{
	archiveVersion = 1;
	classes = {
	};
	objectVersion = 46;
	objects = {

/* Begin PBXBuildFile section */
		376F81CE1F1CAC5A0035E170 /* AppDelegate.swift in Sources */ = {isa = PBXBuildFile; fileRef = 376F81CD1F1CAC5A0035E170 /* AppDelegate.swift */; };
		376F81D01F1CAC5A0035E170 /* ViewController.swift in Sources */ = {isa = PBXBuildFile; fileRef = 376F81CF1F1CAC5A0035E170 /* ViewController.swift */; };
		376F81D31F1CAC5A0035E170 /* Main.storyboard in Resources */ = {isa = PBXBuildFile; fileRef = 376F81D11F1CAC5A0035E170 /* Main.storyboard */; };
		376F81D51F1CAC5A0035E170 /* Assets.xcassets in Resources */ = {isa = PBXBuildFile; fileRef = 376F81D41F1CAC5A0035E170 /* Assets.xcassets */; };
		376F81D81F1CAC5A0035E170 /* LaunchScreen.storyboard in Resources */ = {isa = PBXBuildFile; fileRef = 376F81D61F1CAC5A0035E170 /* LaunchScreen.storyboard */; };
		376F81E41F1CAD300035E170 /* BaseNavigationController.swift in Sources */ = {isa = PBXBuildFile; fileRef = 376F81E01F1CAD300035E170 /* BaseNavigationController.swift */; };
		376F81E51F1CAD300035E170 /* BaseTabBarController.swift in Sources */ = {isa = PBXBuildFile; fileRef = 376F81E11F1CAD300035E170 /* BaseTabBarController.swift */; };
		376F81E61F1CAD300035E170 /* BaseViewController.swift in Sources */ = {isa = PBXBuildFile; fileRef = 376F81E21F1CAD300035E170 /* BaseViewController.swift */; };
		376F81E71F1CAD300035E170 /* RootViewController.swift in Sources */ = {isa = PBXBuildFile; fileRef = 376F81E31F1CAD300035E170 /* RootViewController.swift */; };
		376F81EA1F1CAD710035E170 /* Bundle+Extensions.swift in Sources */ = {isa = PBXBuildFile; fileRef = 376F81E91F1CAD710035E170 /* Bundle+Extensions.swift */; };
		376F82091F1CAD7D0035E170 /* CALayer+Addition.m in Sources */ = {isa = PBXBuildFile; fileRef = 376F81ED1F1CAD7D0035E170 /* CALayer+Addition.m */; };
		376F820A1F1CAD7D0035E170 /* NSArray+Log.m in Sources */ = {isa = PBXBuildFile; fileRef = 376F81F01F1CAD7D0035E170 /* NSArray+Log.m */; };
		376F820B1F1CAD7D0035E170 /* NSAttributedString+WQExtension.m in Sources */ = {isa = PBXBuildFile; fileRef = 376F81F21F1CAD7D0035E170 /* NSAttributedString+WQExtension.m */; };
		376F820C1F1CAD7D0035E170 /* NSObject+CZRuntime.m in Sources */ = {isa = PBXBuildFile; fileRef = 376F81F41F1CAD7D0035E170 /* NSObject+CZRuntime.m */; };
		376F820D1F1CAD7D0035E170 /* NSString+WQExtension.m in Sources */ = {isa = PBXBuildFile; fileRef = 376F81F61F1CAD7D0035E170 /* NSString+WQExtension.m */; };
		376F820E1F1CAD7D0035E170 /* PlaceholderTextView.m in Sources */ = {isa = PBXBuildFile; fileRef = 376F81F81F1CAD7D0035E170 /* PlaceholderTextView.m */; };
		376F820F1F1CAD7D0035E170 /* UIButton+CZAddition.m in Sources */ = {isa = PBXBuildFile; fileRef = 376F81FA1F1CAD7D0035E170 /* UIButton+CZAddition.m */; };
		376F82101F1CAD7D0035E170 /* UIColor+CZAddition.m in Sources */ = {isa = PBXBuildFile; fileRef = 376F81FC1F1CAD7D0035E170 /* UIColor+CZAddition.m */; };
		376F82111F1CAD7D0035E170 /* UIImage+WQExtension.m in Sources */ = {isa = PBXBuildFile; fileRef = 376F81FE1F1CAD7D0035E170 /* UIImage+WQExtension.m */; };
		376F82121F1CAD7D0035E170 /* UILabel+CZAddition.m in Sources */ = {isa = PBXBuildFile; fileRef = 376F82001F1CAD7D0035E170 /* UILabel+CZAddition.m */; };
		376F82131F1CAD7D0035E170 /* UIScreen+CZAddition.m in Sources */ = {isa = PBXBuildFile; fileRef = 376F82021F1CAD7D0035E170 /* UIScreen+CZAddition.m */; };
		376F82141F1CAD7D0035E170 /* UIView+CZAddition.m in Sources */ = {isa = PBXBuildFile; fileRef = 376F82041F1CAD7D0035E170 /* UIView+CZAddition.m */; };
		376F82151F1CAD7D0035E170 /* UIViewController+CZAddition.m in Sources */ = {isa = PBXBuildFile; fileRef = 376F82061F1CAD7D0035E170 /* UIViewController+CZAddition.m */; };
		376F82191F1CAF080035E170 /* CommonsLet.swift in Sources */ = {isa = PBXBuildFile; fileRef = 376F82181F1CAF080035E170 /* CommonsLet.swift */; };
/* End PBXBuildFile section */

/* Begin PBXFileReference section */
		376F81CA1F1CAC5A0035E170 /* TabbarDemo.app */ = {isa = PBXFileReference; explicitFileType = wrapper.application; includeInIndex = 0; path = TabbarDemo.app; sourceTree = BUILT_PRODUCTS_DIR; };
		376F81CD1F1CAC5A0035E170 /* AppDelegate.swift */ = {isa = PBXFileReference; lastKnownFileType = sourcecode.swift; path = AppDelegate.swift; sourceTree = "<group>"; };
		376F81CF1F1CAC5A0035E170 /* ViewController.swift */ = {isa = PBXFileReference; lastKnownFileType = sourcecode.swift; path = ViewController.swift; sourceTree = "<group>"; };
		376F81D21F1CAC5A0035E170 /* Base */ = {isa = PBXFileReference; lastKnownFileType = file.storyboard; name = Base; path = Base.lproj/Main.storyboard; sourceTree = "<group>"; };
		376F81D41F1CAC5A0035E170 /* Assets.xcassets */ = {isa = PBXFileReference; lastKnownFileType = folder.assetcatalog; path = Assets.xcassets; sourceTree = "<group>"; };
		376F81D71F1CAC5A0035E170 /* Base */ = {isa = PBXFileReference; lastKnownFileType = file.storyboard; name = Base; path = Base.lproj/LaunchScreen.storyboard; sourceTree = "<group>"; };
		376F81D91F1CAC5A0035E170 /* Info.plist */ = {isa = PBXFileReference; lastKnownFileType = text.plist.xml; path = Info.plist; sourceTree = "<group>"; };
		376F81E01F1CAD300035E170 /* BaseNavigationController.swift */ = {isa = PBXFileReference; fileEncoding = 4; lastKnownFileType = sourcecode.swift; path = BaseNavigationController.swift; sourceTree = "<group>"; };
		376F81E11F1CAD300035E170 /* BaseTabBarController.swift */ = {isa = PBXFileReference; fileEncoding = 4; lastKnownFileType = sourcecode.swift; path = BaseTabBarController.swift; sourceTree = "<group>"; };
		376F81E21F1CAD300035E170 /* BaseViewController.swift */ = {isa = PBXFileReference; fileEncoding = 4; lastKnownFileType = sourcecode.swift; path = BaseViewController.swift; sourceTree = "<group>"; };
		376F81E31F1CAD300035E170 /* RootViewController.swift */ = {isa = PBXFileReference; fileEncoding = 4; lastKnownFileType = sourcecode.swift; path = RootViewController.swift; sourceTree = "<group>"; };
		376F81E91F1CAD710035E170 /* Bundle+Extensions.swift */ = {isa = PBXFileReference; fileEncoding = 4; lastKnownFileType = sourcecode.swift; path = "Bundle+Extensions.swift"; sourceTree = "<group>"; };
		376F81EC1F1CAD7D0035E170 /* CALayer+Addition.h */ = {isa = PBXFileReference; fileEncoding = 4; lastKnownFileType = sourcecode.c.h; path = "CALayer+Addition.h"; sourceTree = "<group>"; };
		376F81ED1F1CAD7D0035E170 /* CALayer+Addition.m */ = {isa = PBXFileReference; fileEncoding = 4; lastKnownFileType = sourcecode.c.objc; path = "CALayer+Addition.m"; sourceTree = "<group>"; };
		376F81EE1F1CAD7D0035E170 /* CZAdditions.h */ = {isa = PBXFileReference; fileEncoding = 4; lastKnownFileType = sourcecode.c.h; path = CZAdditions.h; sourceTree = "<group>"; };
		376F81EF1F1CAD7D0035E170 /* NSArray+Log.h */ = {isa = PBXFileReference; fileEncoding = 4; lastKnownFileType = sourcecode.c.h; path = "NSArray+Log.h"; sourceTree = "<group>"; };
		376F81F01F1CAD7D0035E170 /* NSArray+Log.m */ = {isa = PBXFileReference; fileEncoding = 4; lastKnownFileType = sourcecode.c.objc; path = "NSArray+Log.m"; sourceTree = "<group>"; };
		376F81F11F1CAD7D0035E170 /* NSAttributedString+WQExtension.h */ = {isa = PBXFileReference; fileEncoding = 4; lastKnownFileType = sourcecode.c.h; path = "NSAttributedString+WQExtension.h"; sourceTree = "<group>"; };
		376F81F21F1CAD7D0035E170 /* NSAttributedString+WQExtension.m */ = {isa = PBXFileReference; fileEncoding = 4; lastKnownFileType = sourcecode.c.objc; path = "NSAttributedString+WQExtension.m"; sourceTree = "<group>"; };
		376F81F31F1CAD7D0035E170 /* NSObject+CZRuntime.h */ = {isa = PBXFileReference; fileEncoding = 4; lastKnownFileType = sourcecode.c.h; path = "NSObject+CZRuntime.h"; sourceTree = "<group>"; };
		376F81F41F1CAD7D0035E170 /* NSObject+CZRuntime.m */ = {isa = PBXFileReference; fileEncoding = 4; lastKnownFileType = sourcecode.c.objc; path = "NSObject+CZRuntime.m"; sourceTree = "<group>"; };
		376F81F51F1CAD7D0035E170 /* NSString+WQExtension.h */ = {isa = PBXFileReference; fileEncoding = 4; lastKnownFileType = sourcecode.c.h; path = "NSString+WQExtension.h"; sourceTree = "<group>"; };
		376F81F61F1CAD7D0035E170 /* NSString+WQExtension.m */ = {isa = PBXFileReference; fileEncoding = 4; lastKnownFileType = sourcecode.c.objc; path = "NSString+WQExtension.m"; sourceTree = "<group>"; };
		376F81F71F1CAD7D0035E170 /* PlaceholderTextView.h */ = {isa = PBXFileReference; fileEncoding = 4; lastKnownFileType = sourcecode.c.h; path = PlaceholderTextView.h; sourceTree = "<group>"; };
		376F81F81F1CAD7D0035E170 /* PlaceholderTextView.m */ = {isa = PBXFileReference; fileEncoding = 4; lastKnownFileType = sourcecode.c.objc; path = PlaceholderTextView.m; sourceTree = "<group>"; };
		376F81F91F1CAD7D0035E170 /* UIButton+CZAddition.h */ = {isa = PBXFileReference; fileEncoding = 4; lastKnownFileType = sourcecode.c.h; path = "UIButton+CZAddition.h"; sourceTree = "<group>"; };
		376F81FA1F1CAD7D0035E170 /* UIButton+CZAddition.m */ = {isa = PBXFileReference; fileEncoding = 4; lastKnownFileType = sourcecode.c.objc; path = "UIButton+CZAddition.m"; sourceTree = "<group>"; };
		376F81FB1F1CAD7D0035E170 /* UIColor+CZAddition.h */ = {isa = PBXFileReference; fileEncoding = 4; lastKnownFileType = sourcecode.c.h; path = "UIColor+CZAddition.h"; sourceTree = "<group>"; };
		376F81FC1F1CAD7D0035E170 /* UIColor+CZAddition.m */ = {isa = PBXFileReference; fileEncoding = 4; lastKnownFileType = sourcecode.c.objc; path = "UIColor+CZAddition.m"; sourceTree = "<group>"; };
		376F81FD1F1CAD7D0035E170 /* UIImage+WQExtension.h */ = {isa = PBXFileReference; fileEncoding = 4; lastKnownFileType = sourcecode.c.h; path = "UIImage+WQExtension.h"; sourceTree = "<group>"; };
		376F81FE1F1CAD7D0035E170 /* UIImage+WQExtension.m */ = {isa = PBXFileReference; fileEncoding = 4; lastKnownFileType = sourcecode.c.objc; path = "UIImage+WQExtension.m"; sourceTree = "<group>"; };
		376F81FF1F1CAD7D0035E170 /* UILabel+CZAddition.h */ = {isa = PBXFileReference; fileEncoding = 4; lastKnownFileType = sourcecode.c.h; path = "UILabel+CZAddition.h"; sourceTree = "<group>"; };
		376F82001F1CAD7D0035E170 /* UILabel+CZAddition.m */ = {isa = PBXFileReference; fileEncoding = 4; lastKnownFileType = sourcecode.c.objc; path = "UILabel+CZAddition.m"; sourceTree = "<group>"; };
		376F82011F1CAD7D0035E170 /* UIScreen+CZAddition.h */ = {isa = PBXFileReference; fileEncoding = 4; lastKnownFileType = sourcecode.c.h; path = "UIScreen+CZAddition.h"; sourceTree = "<group>"; };
		376F82021F1CAD7D0035E170 /* UIScreen+CZAddition.m */ = {isa = PBXFileReference; fileEncoding = 4; lastKnownFileType = sourcecode.c.objc; path = "UIScreen+CZAddition.m"; sourceTree = "<group>"; };
		376F82031F1CAD7D0035E170 /* UIView+CZAddition.h */ = {isa = PBXFileReference; fileEncoding = 4; lastKnownFileType = sourcecode.c.h; path = "UIView+CZAddition.h"; sourceTree = "<group>"; };
		376F82041F1CAD7D0035E170 /* UIView+CZAddition.m */ = {isa = PBXFileReference; fileEncoding = 4; lastKnownFileType = sourcecode.c.objc; path = "UIView+CZAddition.m"; sourceTree = "<group>"; };
		376F82051F1CAD7D0035E170 /* UIViewController+CZAddition.h */ = {isa = PBXFileReference; fileEncoding = 4; lastKnownFileType = sourcecode.c.h; path = "UIViewController+CZAddition.h"; sourceTree = "<group>"; };
		376F82061F1CAD7D0035E170 /* UIViewController+CZAddition.m */ = {isa = PBXFileReference; fileEncoding = 4; lastKnownFileType = sourcecode.c.objc; path = "UIViewController+CZAddition.m"; sourceTree = "<group>"; };
		376F82171F1CADE50035E170 /* Bridging-Header.h */ = {isa = PBXFileReference; lastKnownFileType = sourcecode.c.h; path = "Bridging-Header.h"; sourceTree = "<group>"; };
		376F82181F1CAF080035E170 /* CommonsLet.swift */ = {isa = PBXFileReference; fileEncoding = 4; lastKnownFileType = sourcecode.swift; path = CommonsLet.swift; sourceTree = "<group>"; };
/* End PBXFileReference section */

/* Begin PBXFrameworksBuildPhase section */
		376F81C71F1CAC5A0035E170 /* Frameworks */ = {
			isa = PBXFrameworksBuildPhase;
			buildActionMask = 2147483647;
			files = (
			);
			runOnlyForDeploymentPostprocessing = 0;
		};
/* End PBXFrameworksBuildPhase section */

/* Begin PBXGroup section */
		376F81C11F1CAC5A0035E170 = {
			isa = PBXGroup;
			children = (
				376F81CC1F1CAC5A0035E170 /* TabbarDemo */,
				376F81CB1F1CAC5A0035E170 /* Products */,
			);
			sourceTree = "<group>";
		};
		376F81CB1F1CAC5A0035E170 /* Products */ = {
			isa = PBXGroup;
			children = (
				376F81CA1F1CAC5A0035E170 /* TabbarDemo.app */,
			);
			name = Products;
			sourceTree = "<group>";
		};
		376F81CC1F1CAC5A0035E170 /* TabbarDemo */ = {
			isa = PBXGroup;
			children = (
				376F81E81F1CAD640035E170 /* Extensions */,
				376F81DF1F1CAD300035E170 /* Base */,
				376F81CD1F1CAC5A0035E170 /* AppDelegate.swift */,
				376F81CF1F1CAC5A0035E170 /* ViewController.swift */,
				376F81D11F1CAC5A0035E170 /* Main.storyboard */,
				376F81D41F1CAC5A0035E170 /* Assets.xcassets */,
				376F81D61F1CAC5A0035E170 /* LaunchScreen.storyboard */,
				376F81D91F1CAC5A0035E170 /* Info.plist */,
				376F82171F1CADE50035E170 /* Bridging-Header.h */,
			);
			path = TabbarDemo;
			sourceTree = "<group>";
		};
		376F81DF1F1CAD300035E170 /* Base */ = {
			isa = PBXGroup;
			children = (
				376F81E01F1CAD300035E170 /* BaseNavigationController.swift */,
				376F81E11F1CAD300035E170 /* BaseTabBarController.swift */,
				376F81E21F1CAD300035E170 /* BaseViewController.swift */,
				376F81E31F1CAD300035E170 /* RootViewController.swift */,
			);
			path = Base;
			sourceTree = "<group>";
		};
		376F81E81F1CAD640035E170 /* Extensions */ = {
			isa = PBXGroup;
			children = (
				376F81E91F1CAD710035E170 /* Bundle+Extensions.swift */,
				376F82181F1CAF080035E170 /* CommonsLet.swift */,
				376F81EB1F1CAD7D0035E170 /* Additions */,
			);
			path = Extensions;
			sourceTree = "<group>";
		};
		376F81EB1F1CAD7D0035E170 /* Additions */ = {
			isa = PBXGroup;
			children = (
				376F81EC1F1CAD7D0035E170 /* CALayer+Addition.h */,
				376F81ED1F1CAD7D0035E170 /* CALayer+Addition.m */,
				376F81EE1F1CAD7D0035E170 /* CZAdditions.h */,
				376F81EF1F1CAD7D0035E170 /* NSArray+Log.h */,
				376F81F01F1CAD7D0035E170 /* NSArray+Log.m */,
				376F81F11F1CAD7D0035E170 /* NSAttributedString+WQExtension.h */,
				376F81F21F1CAD7D0035E170 /* NSAttributedString+WQExtension.m */,
				376F81F31F1CAD7D0035E170 /* NSObject+CZRuntime.h */,
				376F81F41F1CAD7D0035E170 /* NSObject+CZRuntime.m */,
				376F81F51F1CAD7D0035E170 /* NSString+WQExtension.h */,
				376F81F61F1CAD7D0035E170 /* NSString+WQExtension.m */,
				376F81F71F1CAD7D0035E170 /* PlaceholderTextView.h */,
				376F81F81F1CAD7D0035E170 /* PlaceholderTextView.m */,
				376F81F91F1CAD7D0035E170 /* UIButton+CZAddition.h */,
				376F81FA1F1CAD7D0035E170 /* UIButton+CZAddition.m */,
				376F81FB1F1CAD7D0035E170 /* UIColor+CZAddition.h */,
				376F81FC1F1CAD7D0035E170 /* UIColor+CZAddition.m */,
				376F81FD1F1CAD7D0035E170 /* UIImage+WQExtension.h */,
				376F81FE1F1CAD7D0035E170 /* UIImage+WQExtension.m */,
				376F81FF1F1CAD7D0035E170 /* UILabel+CZAddition.h */,
				376F82001F1CAD7D0035E170 /* UILabel+CZAddition.m */,
				376F82011F1CAD7D0035E170 /* UIScreen+CZAddition.h */,
				376F82021F1CAD7D0035E170 /* UIScreen+CZAddition.m */,
				376F82031F1CAD7D0035E170 /* UIView+CZAddition.h */,
				376F82041F1CAD7D0035E170 /* UIView+CZAddition.m */,
				376F82051F1CAD7D0035E170 /* UIViewController+CZAddition.h */,
				376F82061F1CAD7D0035E170 /* UIViewController+CZAddition.m */,
			);
			path = Additions;
			sourceTree = "<group>";
		};
/* End PBXGroup section */

/* Begin PBXNativeTarget section */
		376F81C91F1CAC5A0035E170 /* TabbarDemo */ = {
			isa = PBXNativeTarget;
			buildConfigurationList = 376F81DC1F1CAC5A0035E170 /* Build configuration list for PBXNativeTarget "TabbarDemo" */;
			buildPhases = (
				376F81C61F1CAC5A0035E170 /* Sources */,
				376F81C71F1CAC5A0035E170 /* Frameworks */,
				376F81C81F1CAC5A0035E170 /* Resources */,
			);
			buildRules = (
			);
			dependencies = (
			);
			name = TabbarDemo;
			productName = TabbarDemo;
			productReference = 376F81CA1F1CAC5A0035E170 /* TabbarDemo.app */;
			productType = "com.apple.product-type.application";
		};
/* End PBXNativeTarget section */

/* Begin PBXProject section */
		376F81C21F1CAC5A0035E170 /* Project object */ = {
			isa = PBXProject;
			attributes = {
				LastSwiftUpdateCheck = 0830;
				LastUpgradeCheck = 0830;
				ORGANIZATIONNAME = Allison;
				TargetAttributes = {
					376F81C91F1CAC5A0035E170 = {
						CreatedOnToolsVersion = 8.3.1;
						ProvisioningStyle = Automatic;
					};
				};
			};
			buildConfigurationList = 376F81C51F1CAC5A0035E170 /* Build configuration list for PBXProject "TabbarDemo" */;
			compatibilityVersion = "Xcode 3.2";
			developmentRegion = English;
			hasScannedForEncodings = 0;
			knownRegions = (
				en,
				Base,
			);
			mainGroup = 376F81C11F1CAC5A0035E170;
			productRefGroup = 376F81CB1F1CAC5A0035E170 /* Products */;
			projectDirPath = "";
			projectRoot = "";
			targets = (
				376F81C91F1CAC5A0035E170 /* TabbarDemo */,
			);
		};
/* End PBXProject section */

/* Begin PBXResourcesBuildPhase section */
		376F81C81F1CAC5A0035E170 /* Resources */ = {
			isa = PBXResourcesBuildPhase;
			buildActionMask = 2147483647;
			files = (
				376F81D81F1CAC5A0035E170 /* LaunchScreen.storyboard in Resources */,
				376F81D51F1CAC5A0035E170 /* Assets.xcassets in Resources */,
				376F81D31F1CAC5A0035E170 /* Main.storyboard in Resources */,
			);
			runOnlyForDeploymentPostprocessing = 0;
		};
/* End PBXResourcesBuildPhase section */

/* Begin PBXSourcesBuildPhase section */
		376F81C61F1CAC5A0035E170 /* Sources */ = {
			isa = PBXSourcesBuildPhase;
			buildActionMask = 2147483647;
			files = (
				376F820A1F1CAD7D0035E170 /* NSArray+Log.m in Sources */,
				376F82111F1CAD7D0035E170 /* UIImage+WQExtension.m in Sources */,
				376F81E61F1CAD300035E170 /* BaseViewController.swift in Sources */,
				376F82121F1CAD7D0035E170 /* UILabel+CZAddition.m in Sources */,
				376F820B1F1CAD7D0035E170 /* NSAttributedString+WQExtension.m in Sources */,
				376F82151F1CAD7D0035E170 /* UIViewController+CZAddition.m in Sources */,
				376F81E51F1CAD300035E170 /* BaseTabBarController.swift in Sources */,
				376F81E71F1CAD300035E170 /* RootViewController.swift in Sources */,
				376F82101F1CAD7D0035E170 /* UIColor+CZAddition.m in Sources */,
				376F81D01F1CAC5A0035E170 /* ViewController.swift in Sources */,
				376F81CE1F1CAC5A0035E170 /* AppDelegate.swift in Sources */,
				376F82191F1CAF080035E170 /* CommonsLet.swift in Sources */,
				376F82131F1CAD7D0035E170 /* UIScreen+CZAddition.m in Sources */,
				376F820C1F1CAD7D0035E170 /* NSObject+CZRuntime.m in Sources */,
				376F820F1F1CAD7D0035E170 /* UIButton+CZAddition.m in Sources */,
				376F82091F1CAD7D0035E170 /* CALayer+Addition.m in Sources */,
				376F820D1F1CAD7D0035E170 /* NSString+WQExtension.m in Sources */,
				376F820E1F1CAD7D0035E170 /* PlaceholderTextView.m in Sources */,
				376F82141F1CAD7D0035E170 /* UIView+CZAddition.m in Sources */,
				376F81E41F1CAD300035E170 /* BaseNavigationController.swift in Sources */,
				376F81EA1F1CAD710035E170 /* Bundle+Extensions.swift in Sources */,
			);
			runOnlyForDeploymentPostprocessing = 0;
		};
/* End PBXSourcesBuildPhase section */

/* Begin PBXVariantGroup section */
		376F81D11F1CAC5A0035E170 /* Main.storyboard */ = {
			isa = PBXVariantGroup;
			children = (
				376F81D21F1CAC5A0035E170 /* Base */,
			);
			name = Main.storyboard;
			sourceTree = "<group>";
		};
		376F81D61F1CAC5A0035E170 /* LaunchScreen.storyboard */ = {
			isa = PBXVariantGroup;
			children = (
				376F81D71F1CAC5A0035E170 /* Base */,
			);
			name = LaunchScreen.storyboard;
			sourceTree = "<group>";
		};
/* End PBXVariantGroup section */

/* Begin XCBuildConfiguration section */
		376F81DA1F1CAC5A0035E170 /* Debug */ = {
			isa = XCBuildConfiguration;
			buildSettings = {
				ALWAYS_SEARCH_USER_PATHS = NO;
				CLANG_ANALYZER_NONNULL = YES;
				CLANG_ANALYZER_NUMBER_OBJECT_CONVERSION = YES_AGGRESSIVE;
				CLANG_CXX_LANGUAGE_STANDARD = "gnu++0x";
				CLANG_CXX_LIBRARY = "libc++";
				CLANG_ENABLE_MODULES = YES;
				CLANG_ENABLE_OBJC_ARC = YES;
				CLANG_WARN_BOOL_CONVERSION = YES;
				CLANG_WARN_CONSTANT_CONVERSION = YES;
				CLANG_WARN_DIRECT_OBJC_ISA_USAGE = YES_ERROR;
				CLANG_WARN_DOCUMENTATION_COMMENTS = YES;
				CLANG_WARN_EMPTY_BODY = YES;
				CLANG_WARN_ENUM_CONVERSION = YES;
				CLANG_WARN_INFINITE_RECURSION = YES;
				CLANG_WARN_INT_CONVERSION = YES;
				CLANG_WARN_OBJC_ROOT_CLASS = YES_ERROR;
				CLANG_WARN_SUSPICIOUS_MOVE = YES;
				CLANG_WARN_UNREACHABLE_CODE = YES;
				CLANG_WARN__DUPLICATE_METHOD_MATCH = YES;
				"CODE_SIGN_IDENTITY[sdk=iphoneos*]" = "iPhone Developer";
				COPY_PHASE_STRIP = NO;
				DEBUG_INFORMATION_FORMAT = dwarf;
				ENABLE_STRICT_OBJC_MSGSEND = YES;
				ENABLE_TESTABILITY = YES;
				GCC_C_LANGUAGE_STANDARD = gnu99;
				GCC_DYNAMIC_NO_PIC = NO;
				GCC_NO_COMMON_BLOCKS = YES;
				GCC_OPTIMIZATION_LEVEL = 0;
				GCC_PREPROCESSOR_DEFINITIONS = (
					"DEBUG=1",
					"$(inherited)",
				);
				GCC_WARN_64_TO_32_BIT_CONVERSION = YES;
				GCC_WARN_ABOUT_RETURN_TYPE = YES_ERROR;
				GCC_WARN_UNDECLARED_SELECTOR = YES;
				GCC_WARN_UNINITIALIZED_AUTOS = YES_AGGRESSIVE;
				GCC_WARN_UNUSED_FUNCTION = YES;
				GCC_WARN_UNUSED_VARIABLE = YES;
				IPHONEOS_DEPLOYMENT_TARGET = 10.3;
				MTL_ENABLE_DEBUG_INFO = YES;
				ONLY_ACTIVE_ARCH = YES;
				SDKROOT = iphoneos;
				SWIFT_ACTIVE_COMPILATION_CONDITIONS = DEBUG;
				SWIFT_OPTIMIZATION_LEVEL = "-Onone";
				TARGETED_DEVICE_FAMILY = "1,2";
			};
			name = Debug;
		};
		376F81DB1F1CAC5A0035E170 /* Release */ = {
			isa = XCBuildConfiguration;
			buildSettings = {
				ALWAYS_SEARCH_USER_PATHS = NO;
				CLANG_ANALYZER_NONNULL = YES;
				CLANG_ANALYZER_NUMBER_OBJECT_CONVERSION = YES_AGGRESSIVE;
				CLANG_CXX_LANGUAGE_STANDARD = "gnu++0x";
				CLANG_CXX_LIBRARY = "libc++";
				CLANG_ENABLE_MODULES = YES;
				CLANG_ENABLE_OBJC_ARC = YES;
				CLANG_WARN_BOOL_CONVERSION = YES;
				CLANG_WARN_CONSTANT_CONVERSION = YES;
				CLANG_WARN_DIRECT_OBJC_ISA_USAGE = YES_ERROR;
				CLANG_WARN_DOCUMENTATION_COMMENTS = YES;
				CLANG_WARN_EMPTY_BODY = YES;
				CLANG_WARN_ENUM_CONVERSION = YES;
				CLANG_WARN_INFINITE_RECURSION = YES;
				CLANG_WARN_INT_CONVERSION = YES;
				CLANG_WARN_OBJC_ROOT_CLASS = YES_ERROR;
				CLANG_WARN_SUSPICIOUS_MOVE = YES;
				CLANG_WARN_UNREACHABLE_CODE = YES;
				CLANG_WARN__DUPLICATE_METHOD_MATCH = YES;
				"CODE_SIGN_IDENTITY[sdk=iphoneos*]" = "iPhone Developer";
				COPY_PHASE_STRIP = NO;
				DEBUG_INFORMATION_FORMAT = "dwarf-with-dsym";
				ENABLE_NS_ASSERTIONS = NO;
				ENABLE_STRICT_OBJC_MSGSEND = YES;
				GCC_C_LANGUAGE_STANDARD = gnu99;
				GCC_NO_COMMON_BLOCKS = YES;
				GCC_WARN_64_TO_32_BIT_CONVERSION = YES;
				GCC_WARN_ABOUT_RETURN_TYPE = YES_ERROR;
				GCC_WARN_UNDECLARED_SELECTOR = YES;
				GCC_WARN_UNINITIALIZED_AUTOS = YES_AGGRESSIVE;
				GCC_WARN_UNUSED_FUNCTION = YES;
				GCC_WARN_UNUSED_VARIABLE = YES;
				IPHONEOS_DEPLOYMENT_TARGET = 10.3;
				MTL_ENABLE_DEBUG_INFO = NO;
				SDKROOT = iphoneos;
				SWIFT_OPTIMIZATION_LEVEL = "-Owholemodule";
				TARGETED_DEVICE_FAMILY = "1,2";
				VALIDATE_PRODUCT = YES;
			};
			name = Release;
		};
		376F81DD1F1CAC5A0035E170 /* Debug */ = {
			isa = XCBuildConfiguration;
			buildSettings = {
				ASSETCATALOG_COMPILER_APPICON_NAME = AppIcon;
				INFOPLIST_FILE = TabbarDemo/Info.plist;
				LD_RUNPATH_SEARCH_PATHS = "$(inherited) @executable_path/Frameworks";
				PRODUCT_BUNDLE_IDENTIFIER = woasis.TabbarDemo;
				PRODUCT_NAME = "$(TARGET_NAME)";
				SWIFT_OBJC_BRIDGING_HEADER = "TabbarDemo/Bridging-Header.h";
				SWIFT_VERSION = 3.0;
			};
			name = Debug;
		};
		376F81DE1F1CAC5A0035E170 /* Release */ = {
			isa = XCBuildConfiguration;
			buildSettings = {
				ASSETCATALOG_COMPILER_APPICON_NAME = AppIcon;
				INFOPLIST_FILE = TabbarDemo/Info.plist;
				LD_RUNPATH_SEARCH_PATHS = "$(inherited) @executable_path/Frameworks";
				PRODUCT_BUNDLE_IDENTIFIER = woasis.TabbarDemo;
				PRODUCT_NAME = "$(TARGET_NAME)";
				SWIFT_OBJC_BRIDGING_HEADER = "TabbarDemo/Bridging-Header.h";
				SWIFT_VERSION = 3.0;
			};
			name = Release;
		};
/* End XCBuildConfiguration section */

/* Begin XCConfigurationList section */
		376F81C51F1CAC5A0035E170 /* Build configuration list for PBXProject "TabbarDemo" */ = {
			isa = XCConfigurationList;
			buildConfigurations = (
				376F81DA1F1CAC5A0035E170 /* Debug */,
				376F81DB1F1CAC5A0035E170 /* Release */,
			);
			defaultConfigurationIsVisible = 0;
			defaultConfigurationName = Release;
		};
		376F81DC1F1CAC5A0035E170 /* Build configuration list for PBXNativeTarget "TabbarDemo" */ = {
			isa = XCConfigurationList;
			buildConfigurations = (
				376F81DD1F1CAC5A0035E170 /* Debug */,
				376F81DE1F1CAC5A0035E170 /* Release */,
			);
			defaultConfigurationIsVisible = 0;
			defaultConfigurationName = Release;
		};
/* End XCConfigurationList section */
	};
	rootObject = 376F81C21F1CAC5A0035E170 /* Project object */;
}
