// !$*UTF8*$!
{
	archiveVersion = 1;
	classes = {
	};
	objectVersion = 46;
	objects = {

/* Begin PBXBuildFile section */
		373AAB441FC1C77800551D5E /* AppDelegate.swift in Sources */ = {isa = PBXBuildFile; fileRef = 373AAB431FC1C77800551D5E /* AppDelegate.swift */; };
		373AAB461FC1C77800551D5E /* ViewController.swift in Sources */ = {isa = PBXBuildFile; fileRef = 373AAB451FC1C77800551D5E /* ViewController.swift */; };
		373AAB491FC1C77800551D5E /* Main.storyboard in Resources */ = {isa = PBXBuildFile; fileRef = 373AAB471FC1C77800551D5E /* Main.storyboard */; };
		373AAB4B1FC1C77800551D5E /* Assets.xcassets in Resources */ = {isa = PBXBuildFile; fileRef = 373AAB4A1FC1C77800551D5E /* Assets.xcassets */; };
		373AAB4E1FC1C77900551D5E /* LaunchScreen.storyboard in Resources */ = {isa = PBXBuildFile; fileRef = 373AAB4C1FC1C77900551D5E /* LaunchScreen.storyboard */; };
/* End PBXBuildFile section */

/* Begin PBXFileReference section */
		373AAB401FC1C77800551D5E /* 算法.app */ = {isa = PBXFileReference; explicitFileType = wrapper.application; includeInIndex = 0; path = "算法.app"; sourceTree = BUILT_PRODUCTS_DIR; };
		373AAB431FC1C77800551D5E /* AppDelegate.swift */ = {isa = PBXFileReference; lastKnownFileType = sourcecode.swift; path = AppDelegate.swift; sourceTree = "<group>"; };
		373AAB451FC1C77800551D5E /* ViewController.swift */ = {isa = PBXFileReference; lastKnownFileType = sourcecode.swift; path = ViewController.swift; sourceTree = "<group>"; };
		373AAB481FC1C77800551D5E /* Base */ = {isa = PBXFileReference; lastKnownFileType = file.storyboard; name = Base; path = Base.lproj/Main.storyboard; sourceTree = "<group>"; };
		373AAB4A1FC1C77800551D5E /* Assets.xcassets */ = {isa = PBXFileReference; lastKnownFileType = folder.assetcatalog; path = Assets.xcassets; sourceTree = "<group>"; };
		373AAB4D1FC1C77900551D5E /* Base */ = {isa = PBXFileReference; lastKnownFileType = file.storyboard; name = Base; path = Base.lproj/LaunchScreen.storyboard; sourceTree = "<group>"; };
		373AAB4F1FC1C77900551D5E /* Info.plist */ = {isa = PBXFileReference; lastKnownFileType = text.plist.xml; path = Info.plist; sourceTree = "<group>"; };
/* End PBXFileReference section */

/* Begin PBXFrameworksBuildPhase section */
		373AAB3D1FC1C77800551D5E /* Frameworks */ = {
			isa = PBXFrameworksBuildPhase;
			buildActionMask = 2147483647;
			files = (
			);
			runOnlyForDeploymentPostprocessing = 0;
		};
/* End PBXFrameworksBuildPhase section */

/* Begin PBXGroup section */
		373AAB371FC1C77800551D5E = {
			isa = PBXGroup;
			children = (
				373AAB421FC1C77800551D5E /* 算法 */,
				373AAB411FC1C77800551D5E /* Products */,
			);
			sourceTree = "<group>";
		};
		373AAB411FC1C77800551D5E /* Products */ = {
			isa = PBXGroup;
			children = (
				373AAB401FC1C77800551D5E /* 算法.app */,
			);
			name = Products;
			sourceTree = "<group>";
		};
		373AAB421FC1C77800551D5E /* 算法 */ = {
			isa = PBXGroup;
			children = (
				373AAB431FC1C77800551D5E /* AppDelegate.swift */,
				373AAB451FC1C77800551D5E /* ViewController.swift */,
				373AAB471FC1C77800551D5E /* Main.storyboard */,
				373AAB4A1FC1C77800551D5E /* Assets.xcassets */,
				373AAB4C1FC1C77900551D5E /* LaunchScreen.storyboard */,
				373AAB4F1FC1C77900551D5E /* Info.plist */,
			);
			path = "算法";
			sourceTree = "<group>";
		};
/* End PBXGroup section */

/* Begin PBXNativeTarget section */
		373AAB3F1FC1C77800551D5E /* 算法 */ = {
			isa = PBXNativeTarget;
			buildConfigurationList = 373AAB521FC1C77900551D5E /* Build configuration list for PBXNativeTarget "算法" */;
			buildPhases = (
				373AAB3C1FC1C77800551D5E /* Sources */,
				373AAB3D1FC1C77800551D5E /* Frameworks */,
				373AAB3E1FC1C77800551D5E /* Resources */,
			);
			buildRules = (
			);
			dependencies = (
			);
			name = "算法";
			productName = "算法";
			productReference = 373AAB401FC1C77800551D5E /* 算法.app */;
			productType = "com.apple.product-type.application";
		};
/* End PBXNativeTarget section */

/* Begin PBXProject section */
		373AAB381FC1C77800551D5E /* Project object */ = {
			isa = PBXProject;
			attributes = {
				LastSwiftUpdateCheck = 0830;
				LastUpgradeCheck = 0830;
				ORGANIZATIONNAME = Allison;
				TargetAttributes = {
					373AAB3F1FC1C77800551D5E = {
						CreatedOnToolsVersion = 8.3.1;
						ProvisioningStyle = Automatic;
					};
				};
			};
			buildConfigurationList = 373AAB3B1FC1C77800551D5E /* Build configuration list for PBXProject "算法" */;
			compatibilityVersion = "Xcode 3.2";
			developmentRegion = English;
			hasScannedForEncodings = 0;
			knownRegions = (
				en,
				Base,
			);
			mainGroup = 373AAB371FC1C77800551D5E;
			productRefGroup = 373AAB411FC1C77800551D5E /* Products */;
			projectDirPath = "";
			projectRoot = "";
			targets = (
				373AAB3F1FC1C77800551D5E /* 算法 */,
			);
		};
/* End PBXProject section */

/* Begin PBXResourcesBuildPhase section */
		373AAB3E1FC1C77800551D5E /* Resources */ = {
			isa = PBXResourcesBuildPhase;
			buildActionMask = 2147483647;
			files = (
				373AAB4E1FC1C77900551D5E /* LaunchScreen.storyboard in Resources */,
				373AAB4B1FC1C77800551D5E /* Assets.xcassets in Resources */,
				373AAB491FC1C77800551D5E /* Main.storyboard in Resources */,
			);
			runOnlyForDeploymentPostprocessing = 0;
		};
/* End PBXResourcesBuildPhase section */

/* Begin PBXSourcesBuildPhase section */
		373AAB3C1FC1C77800551D5E /* Sources */ = {
			isa = PBXSourcesBuildPhase;
			buildActionMask = 2147483647;
			files = (
				373AAB461FC1C77800551D5E /* ViewController.swift in Sources */,
				373AAB441FC1C77800551D5E /* AppDelegate.swift in Sources */,
			);
			runOnlyForDeploymentPostprocessing = 0;
		};
/* End PBXSourcesBuildPhase section */

/* Begin PBXVariantGroup section */
		373AAB471FC1C77800551D5E /* Main.storyboard */ = {
			isa = PBXVariantGroup;
			children = (
				373AAB481FC1C77800551D5E /* Base */,
			);
			name = Main.storyboard;
			sourceTree = "<group>";
		};
		373AAB4C1FC1C77900551D5E /* LaunchScreen.storyboard */ = {
			isa = PBXVariantGroup;
			children = (
				373AAB4D1FC1C77900551D5E /* Base */,
			);
			name = LaunchScreen.storyboard;
			sourceTree = "<group>";
		};
/* End PBXVariantGroup section */

/* Begin XCBuildConfiguration section */
		373AAB501FC1C77900551D5E /* Debug */ = {
			isa = XCBuildConfiguration;
			buildSettings = {
				ALWAYS_SEARCH_USER_PATHS = NO;
				CLANG_ANALYZER_NONNULL = YES;
				CLANG_ANALYZER_NUMBER_OBJECT_CONVERSION = YES_AGGRESSIVE;
				CLANG_CXX_LANGUAGE_STANDARD = "gnu++0x";
				CLANG_CXX_LIBRARY = "libc++";
				CLANG_ENABLE_MODULES = YES;
				CLANG_ENABLE_OBJC_ARC = YES;
				CLANG_WARN_BOOL_CONVERSION = YES;
				CLANG_WARN_CONSTANT_CONVERSION = YES;
				CLANG_WARN_DIRECT_OBJC_ISA_USAGE = YES_ERROR;
				CLANG_WARN_DOCUMENTATION_COMMENTS = YES;
				CLANG_WARN_EMPTY_BODY = YES;
				CLANG_WARN_ENUM_CONVERSION = YES;
				CLANG_WARN_INFINITE_RECURSION = YES;
				CLANG_WARN_INT_CONVERSION = YES;
				CLANG_WARN_OBJC_ROOT_CLASS = YES_ERROR;
				CLANG_WARN_SUSPICIOUS_MOVE = YES;
				CLANG_WARN_UNREACHABLE_CODE = YES;
				CLANG_WARN__DUPLICATE_METHOD_MATCH = YES;
				"CODE_SIGN_IDENTITY[sdk=iphoneos*]" = "iPhone Developer";
				COPY_PHASE_STRIP = NO;
				DEBUG_INFORMATION_FORMAT = dwarf;
				ENABLE_STRICT_OBJC_MSGSEND = YES;
				ENABLE_TESTABILITY = YES;
				GCC_C_LANGUAGE_STANDARD = gnu99;
				GCC_DYNAMIC_NO_PIC = NO;
				GCC_NO_COMMON_BLOCKS = YES;
				GCC_OPTIMIZATION_LEVEL = 0;
				GCC_PREPROCESSOR_DEFINITIONS = (
					"DEBUG=1",
					"$(inherited)",
				);
				GCC_WARN_64_TO_32_BIT_CONVERSION = YES;
				GCC_WARN_ABOUT_RETURN_TYPE = YES_ERROR;
				GCC_WARN_UNDECLARED_SELECTOR = YES;
				GCC_WARN_UNINITIALIZED_AUTOS = YES_AGGRESSIVE;
				GCC_WARN_UNUSED_FUNCTION = YES;
				GCC_WARN_UNUSED_VARIABLE = YES;
				IPHONEOS_DEPLOYMENT_TARGET = 10.3;
				MTL_ENABLE_DEBUG_INFO = YES;
				ONLY_ACTIVE_ARCH = YES;
				SDKROOT = iphoneos;
				SWIFT_ACTIVE_COMPILATION_CONDITIONS = DEBUG;
				SWIFT_OPTIMIZATION_LEVEL = "-Onone";
			};
			name = Debug;
		};
		373AAB511FC1C77900551D5E /* Release */ = {
			isa = XCBuildConfiguration;
			buildSettings = {
				ALWAYS_SEARCH_USER_PATHS = NO;
				CLANG_ANALYZER_NONNULL = YES;
				CLANG_ANALYZER_NUMBER_OBJECT_CONVERSION = YES_AGGRESSIVE;
				CLANG_CXX_LANGUAGE_STANDARD = "gnu++0x";
				CLANG_CXX_LIBRARY = "libc++";
				CLANG_ENABLE_MODULES = YES;
				CLANG_ENABLE_OBJC_ARC = YES;
				CLANG_WARN_BOOL_CONVERSION = YES;
				CLANG_WARN_CONSTANT_CONVERSION = YES;
				CLANG_WARN_DIRECT_OBJC_ISA_USAGE = YES_ERROR;
				CLANG_WARN_DOCUMENTATION_COMMENTS = YES;
				CLANG_WARN_EMPTY_BODY = YES;
				CLANG_WARN_ENUM_CONVERSION = YES;
				CLANG_WARN_INFINITE_RECURSION = YES;
				CLANG_WARN_INT_CONVERSION = YES;
				CLANG_WARN_OBJC_ROOT_CLASS = YES_ERROR;
				CLANG_WARN_SUSPICIOUS_MOVE = YES;
				CLANG_WARN_UNREACHABLE_CODE = YES;
				CLANG_WARN__DUPLICATE_METHOD_MATCH = YES;
				"CODE_SIGN_IDENTITY[sdk=iphoneos*]" = "iPhone Developer";
				COPY_PHASE_STRIP = NO;
				DEBUG_INFORMATION_FORMAT = "dwarf-with-dsym";
				ENABLE_NS_ASSERTIONS = NO;
				ENABLE_STRICT_OBJC_MSGSEND = YES;
				GCC_C_LANGUAGE_STANDARD = gnu99;
				GCC_NO_COMMON_BLOCKS = YES;
				GCC_WARN_64_TO_32_BIT_CONVERSION = YES;
				GCC_WARN_ABOUT_RETURN_TYPE = YES_ERROR;
				GCC_WARN_UNDECLARED_SELECTOR = YES;
				GCC_WARN_UNINITIALIZED_AUTOS = YES_AGGRESSIVE;
				GCC_WARN_UNUSED_FUNCTION = YES;
				GCC_WARN_UNUSED_VARIABLE = YES;
				IPHONEOS_DEPLOYMENT_TARGET = 10.3;
				MTL_ENABLE_DEBUG_INFO = NO;
				SDKROOT = iphoneos;
				SWIFT_OPTIMIZATION_LEVEL = "-Owholemodule";
				VALIDATE_PRODUCT = YES;
			};
			name = Release;
		};
		373AAB531FC1C77900551D5E /* Debug */ = {
			isa = XCBuildConfiguration;
			buildSettings = {
				ASSETCATALOG_COMPILER_APPICON_NAME = AppIcon;
				INFOPLIST_FILE = "算法/Info.plist";
				LD_RUNPATH_SEARCH_PATHS = "$(inherited) @executable_path/Frameworks";
				PRODUCT_BUNDLE_IDENTIFIER = "woasis.--";
				PRODUCT_NAME = "$(TARGET_NAME)";
				SWIFT_VERSION = 3.0;
			};
			name = Debug;
		};
		373AAB541FC1C77900551D5E /* Release */ = {
			isa = XCBuildConfiguration;
			buildSettings = {
				ASSETCATALOG_COMPILER_APPICON_NAME = AppIcon;
				INFOPLIST_FILE = "算法/Info.plist";
				LD_RUNPATH_SEARCH_PATHS = "$(inherited) @executable_path/Frameworks";
				PRODUCT_BUNDLE_IDENTIFIER = "woasis.--";
				PRODUCT_NAME = "$(TARGET_NAME)";
				SWIFT_VERSION = 3.0;
			};
			name = Release;
		};
/* End XCBuildConfiguration section */

/* Begin XCConfigurationList section */
		373AAB3B1FC1C77800551D5E /* Build configuration list for PBXProject "算法" */ = {
			isa = XCConfigurationList;
			buildConfigurations = (
				373AAB501FC1C77900551D5E /* Debug */,
				373AAB511FC1C77900551D5E /* Release */,
			);
			defaultConfigurationIsVisible = 0;
			defaultConfigurationName = Release;
		};
		373AAB521FC1C77900551D5E /* Build configuration list for PBXNativeTarget "算法" */ = {
			isa = XCConfigurationList;
			buildConfigurations = (
				373AAB531FC1C77900551D5E /* Debug */,
				373AAB541FC1C77900551D5E /* Release */,
			);
			defaultConfigurationIsVisible = 0;
		};
/* End XCConfigurationList section */
	};
	rootObject = 373AAB381FC1C77800551D5E /* Project object */;
}
